PODS:
  - Bolts (1.8.4):
    - Bolts/AppLinks (= 1.8.4)
    - Bolts/Tasks (= 1.8.4)
  - Bolts/AppLinks (1.8.4):
    - Bolts/Tasks
  - Bolts/Tasks (1.8.4)
  - FBSDKCoreKit (4.16.0):
    - Bolts (~> 1.7)
  - FBSDKLoginKit (4.16.0):
    - FBSDKCoreKit
  - FBSDKShareKit (4.16.0):
    - FBSDKCoreKit
  - Kiwi (2.4.0)
  - SocketRocket (0.5.1)

DEPENDENCIES:
  - FBSDKCoreKit
  - FBSDKLoginKit
  - FBSDKShareKit
  - Kiwi
  - SocketRocket

SPEC CHECKSUMS:
  Bolts: 8a7995239dbe724f9cba2248b766d48b7ebdd322
  FBSDKCoreKit: 7a6baaed4a2b2a244ba253346713bdbc74df135b
  FBSDKLoginKit: 9a514a55a7d05190f64d4ef09502737588b5b561
  FBSDKShareKit: e81505de17fc0624cbaa87b83cccc9f2a786e6cb
  Kiwi: f49c9d54b28917df5928fe44968a39ed198cb8a8
  SocketRocket: d57c7159b83c3c6655745cd15302aa24b6bae531

PODFILE CHECKSUM: 60fbbc1a42df421c3d652235bcd18d9551cce4c0

COCOAPODS: 1.1.0.rc.2
