// !$*UTF8*$!
{
	archiveVersion = 1;
	classes = {
	};
	objectVersion = 46;
	objects = {

/* Begin PBXBuildFile section */
		5AEE41B75AE5AF77748B1091 /* libPods-Objective-C UI ProjectUITests.a in Frameworks */ = {isa = PBXBuildFile; fileRef = BAFBFF2E6CE8F3654A93BDE2 /* libPods-Objective-C UI ProjectUITests.a */; };
		93026CD11D44C2BE00DFCF23 /* ANSDataCollection.m in Sources */ = {isa = PBXBuildFile; fileRef = 93026CD01D44C2BE00DFCF23 /* ANSDataCollection.m */; };
		93026CD41D464C9100DFCF23 /* Gomer_2.png in Resources */ = {isa = PBXBuildFile; fileRef = 93026CD21D464C9100DFCF23 /* Gomer_2.png */; };
		93026CD71D464D0900DFCF23 /* Gomer_1.jpg in Resources */ = {isa = PBXBuildFile; fileRef = 93026CD61D464D0900DFCF23 /* Gomer_1.jpg */; };
		93026CE21D46810900DFCF23 /* ANSMainView.m in Sources */ = {isa = PBXBuildFile; fileRef = 93026CDB1D46810900DFCF23 /* ANSMainView.m */; };
		93026CE31D46810900DFCF23 /* ANSViewControllerFirstTask.m in Sources */ = {isa = PBXBuildFile; fileRef = 93026CDD1D46810900DFCF23 /* ANSViewControllerFirstTask.m */; };
		93026CE41D46810900DFCF23 /* ANSViewControllerFirstTask.xib in Resources */ = {isa = PBXBuildFile; fileRef = 93026CDE1D46810900DFCF23 /* ANSViewControllerFirstTask.xib */; };
		93026CE51D46810900DFCF23 /* ANSAnimatedView.m in Sources */ = {isa = PBXBuildFile; fileRef = 93026CE11D46810900DFCF23 /* ANSAnimatedView.m */; };
		93026CE91D47472200DFCF23 /* ANSObservableObject.m in Sources */ = {isa = PBXBuildFile; fileRef = 93026CE81D47472200DFCF23 /* ANSObservableObject.m */; };
		93C084251D3E36800077A81C /* Objective_C_UI_ProjectUITests.m in Sources */ = {isa = PBXBuildFile; fileRef = 93C084241D3E36800077A81C /* Objective_C_UI_ProjectUITests.m */; };
		93C084301D3E36B20077A81C /* iOS Study Plan.txt in Resources */ = {isa = PBXBuildFile; fileRef = 93C0842F1D3E36B20077A81C /* iOS Study Plan.txt */; };
		93C084351D3E380D0077A81C /* ANSAppDelegate.m in Sources */ = {isa = PBXBuildFile; fileRef = 93C084321D3E380D0077A81C /* ANSAppDelegate.m */; };
		93C084371D3E380D0077A81C /* main.m in Sources */ = {isa = PBXBuildFile; fileRef = 93C084341D3E380D0077A81C /* main.m */; };
		93C0843C1D3E381F0077A81C /* Assets.xcassets in Resources */ = {isa = PBXBuildFile; fileRef = 93C084391D3E381F0077A81C /* Assets.xcassets */; };
		93C0843D1D3E381F0077A81C /* LaunchScreen.storyboard in Resources */ = {isa = PBXBuildFile; fileRef = 93C0843A1D3E381F0077A81C /* LaunchScreen.storyboard */; };
		93C5A5F01D40DF3D002FBCA8 /* ANSGCD.m in Sources */ = {isa = PBXBuildFile; fileRef = 93C5A5D21D40DF3D002FBCA8 /* ANSGCD.m */; };
		93C5A5F11D40DF3D002FBCA8 /* ANSQueue.m in Sources */ = {isa = PBXBuildFile; fileRef = 93C5A5D51D40DF3D002FBCA8 /* ANSQueue.m */; };
		93C5A5F21D40DF3D002FBCA8 /* ANSRandom.m in Sources */ = {isa = PBXBuildFile; fileRef = 93C5A5D81D40DF3D002FBCA8 /* ANSRandom.m */; };
		93C5A5F31D40DF3D002FBCA8 /* ANSTimerPrivate.m in Sources */ = {isa = PBXBuildFile; fileRef = 93C5A5DB1D40DF3D002FBCA8 /* ANSTimerPrivate.m */; };
		93C5A5F41D40DF3D002FBCA8 /* NSTimer+ANSExtension.m in Sources */ = {isa = PBXBuildFile; fileRef = 93C5A5DD1D40DF3D002FBCA8 /* NSTimer+ANSExtension.m */; };
		93C5A5F51D40DF3D002FBCA8 /* NSArray+ANSExtension.m in Sources */ = {isa = PBXBuildFile; fileRef = 93C5A5E01D40DF3D002FBCA8 /* NSArray+ANSExtension.m */; };
		93C5A6091D4107DB002FBCA8 /* NSString+ANSExtension.m in Sources */ = {isa = PBXBuildFile; fileRef = 93C5A6081D4107DB002FBCA8 /* NSString+ANSExtension.m */; };
		93C5A60D1D41265C002FBCA8 /* ANSTableViewCell.m in Sources */ = {isa = PBXBuildFile; fileRef = 93C5A60C1D41265C002FBCA8 /* ANSTableViewCell.m */; };
		93C5A61A1D412D31002FBCA8 /* ANSData.m in Sources */ = {isa = PBXBuildFile; fileRef = 93C5A6191D412D31002FBCA8 /* ANSData.m */; };
		93E520931D424DAE007EAD07 /* ANSViewControllerTables.m in Sources */ = {isa = PBXBuildFile; fileRef = 93E520911D424DAE007EAD07 /* ANSViewControllerTables.m */; };
		93E520941D424DAE007EAD07 /* ANSViewControllerTables.xib in Resources */ = {isa = PBXBuildFile; fileRef = 93E520921D424DAE007EAD07 /* ANSViewControllerTables.xib */; };
		93E520971D424E30007EAD07 /* ANSTableView.m in Sources */ = {isa = PBXBuildFile; fileRef = 93E520961D424E30007EAD07 /* ANSTableView.m */; };
		93E520C91D427328007EAD07 /* ANSDataCell.m in Sources */ = {isa = PBXBuildFile; fileRef = 93E520C71D427328007EAD07 /* ANSDataCell.m */; };
		93E520CA1D427328007EAD07 /* ANSDataCell.xib in Resources */ = {isa = PBXBuildFile; fileRef = 93E520C81D427328007EAD07 /* ANSDataCell.xib */; };
		93EC8F5E1D48CDAA000624F0 /* UINib+Extension.m in Sources */ = {isa = PBXBuildFile; fileRef = 93EC8F5D1D48CDAA000624F0 /* UINib+Extension.m */; };
		93EC8F651D48D9A6000624F0 /* UITableView+Extension.m in Sources */ = {isa = PBXBuildFile; fileRef = 93EC8F641D48D9A6000624F0 /* UITableView+Extension.m */; };
/* End PBXBuildFile section */

/* Begin PBXContainerItemProxy section */
		93C084211D3E36800077A81C /* PBXContainerItemProxy */ = {
			isa = PBXContainerItemProxy;
			containerPortal = 93C083FF1D3E367F0077A81C /* Project object */;
			proxyType = 1;
			remoteGlobalIDString = 93C084061D3E367F0077A81C;
			remoteInfo = "Objective-C UI Project";
		};
/* End PBXContainerItemProxy section */

/* Begin PBXFileReference section */
		93026CCF1D44C2BD00DFCF23 /* ANSDataCollection.h */ = {isa = PBXFileReference; fileEncoding = 4; lastKnownFileType = sourcecode.c.h; path = ANSDataCollection.h; sourceTree = "<group>"; };
		93026CD01D44C2BE00DFCF23 /* ANSDataCollection.m */ = {isa = PBXFileReference; fileEncoding = 4; lastKnownFileType = sourcecode.c.objc; path = ANSDataCollection.m; sourceTree = "<group>"; };
		93026CD21D464C9100DFCF23 /* Gomer_2.png */ = {isa = PBXFileReference; lastKnownFileType = image.png; path = Gomer_2.png; sourceTree = "<group>"; };
		93026CD61D464D0900DFCF23 /* Gomer_1.jpg */ = {isa = PBXFileReference; lastKnownFileType = image.jpeg; path = Gomer_1.jpg; sourceTree = "<group>"; };
		93026CDA1D46810900DFCF23 /* ANSMainView.h */ = {isa = PBXFileReference; fileEncoding = 4; lastKnownFileType = sourcecode.c.h; path = ANSMainView.h; sourceTree = "<group>"; };
		93026CDB1D46810900DFCF23 /* ANSMainView.m */ = {isa = PBXFileReference; fileEncoding = 4; lastKnownFileType = sourcecode.c.objc; path = ANSMainView.m; sourceTree = "<group>"; };
		93026CDC1D46810900DFCF23 /* ANSViewControllerFirstTask.h */ = {isa = PBXFileReference; fileEncoding = 4; lastKnownFileType = sourcecode.c.h; path = ANSViewControllerFirstTask.h; sourceTree = "<group>"; };
		93026CDD1D46810900DFCF23 /* ANSViewControllerFirstTask.m */ = {isa = PBXFileReference; fileEncoding = 4; lastKnownFileType = sourcecode.c.objc; path = ANSViewControllerFirstTask.m; sourceTree = "<group>"; };
		93026CDE1D46810900DFCF23 /* ANSViewControllerFirstTask.xib */ = {isa = PBXFileReference; fileEncoding = 4; lastKnownFileType = file.xib; path = ANSViewControllerFirstTask.xib; sourceTree = "<group>"; };
		93026CE01D46810900DFCF23 /* ANSAnimatedView.h */ = {isa = PBXFileReference; fileEncoding = 4; lastKnownFileType = sourcecode.c.h; path = ANSAnimatedView.h; sourceTree = "<group>"; };
		93026CE11D46810900DFCF23 /* ANSAnimatedView.m */ = {isa = PBXFileReference; fileEncoding = 4; lastKnownFileType = sourcecode.c.objc; path = ANSAnimatedView.m; sourceTree = "<group>"; };
		93026CE71D47472200DFCF23 /* ANSObservableObject.h */ = {isa = PBXFileReference; fileEncoding = 4; lastKnownFileType = sourcecode.c.h; path = ANSObservableObject.h; sourceTree = "<group>"; };
		93026CE81D47472200DFCF23 /* ANSObservableObject.m */ = {isa = PBXFileReference; fileEncoding = 4; lastKnownFileType = sourcecode.c.objc; path = ANSObservableObject.m; sourceTree = "<group>"; };
		93C084071D3E367F0077A81C /* Objective-C UI Project.app */ = {isa = PBXFileReference; explicitFileType = wrapper.application; includeInIndex = 0; path = "Objective-C UI Project.app"; sourceTree = BUILT_PRODUCTS_DIR; };
		93C084201D3E36800077A81C /* Objective-C UI ProjectUITests.xctest */ = {isa = PBXFileReference; explicitFileType = wrapper.cfbundle; includeInIndex = 0; path = "Objective-C UI ProjectUITests.xctest"; sourceTree = BUILT_PRODUCTS_DIR; };
		93C084241D3E36800077A81C /* Objective_C_UI_ProjectUITests.m */ = {isa = PBXFileReference; lastKnownFileType = sourcecode.c.objc; path = Objective_C_UI_ProjectUITests.m; sourceTree = "<group>"; };
		93C084261D3E36800077A81C /* Info.plist */ = {isa = PBXFileReference; lastKnownFileType = text.plist.xml; path = Info.plist; sourceTree = "<group>"; };
		93C0842F1D3E36B20077A81C /* iOS Study Plan.txt */ = {isa = PBXFileReference; fileEncoding = 4; lastKnownFileType = text; name = "iOS Study Plan.txt"; path = "../iOS Study Plan.txt"; sourceTree = "<group>"; };
		93C084311D3E380D0077A81C /* ANSAppDelegate.h */ = {isa = PBXFileReference; fileEncoding = 4; lastKnownFileType = sourcecode.c.h; path = ANSAppDelegate.h; sourceTree = "<group>"; };
		93C084321D3E380D0077A81C /* ANSAppDelegate.m */ = {isa = PBXFileReference; fileEncoding = 4; lastKnownFileType = sourcecode.c.objc; path = ANSAppDelegate.m; sourceTree = "<group>"; };
		93C084331D3E380D0077A81C /* Info.plist */ = {isa = PBXFileReference; fileEncoding = 4; lastKnownFileType = text.plist.xml; path = Info.plist; sourceTree = "<group>"; };
		93C084341D3E380D0077A81C /* main.m */ = {isa = PBXFileReference; fileEncoding = 4; lastKnownFileType = sourcecode.c.objc; path = main.m; sourceTree = "<group>"; };
		93C084391D3E381F0077A81C /* Assets.xcassets */ = {isa = PBXFileReference; lastKnownFileType = folder.assetcatalog; path = Assets.xcassets; sourceTree = "<group>"; };
		93C0843B1D3E381F0077A81C /* Base */ = {isa = PBXFileReference; lastKnownFileType = file.storyboard; name = Base; path = Base.lproj/LaunchScreen.storyboard; sourceTree = "<group>"; };
		93C5A5D11D40DF3D002FBCA8 /* ANSGCD.h */ = {isa = PBXFileReference; fileEncoding = 4; lastKnownFileType = sourcecode.c.h; path = ANSGCD.h; sourceTree = "<group>"; };
		93C5A5D21D40DF3D002FBCA8 /* ANSGCD.m */ = {isa = PBXFileReference; fileEncoding = 4; lastKnownFileType = sourcecode.c.objc; path = ANSGCD.m; sourceTree = "<group>"; };
		93C5A5D41D40DF3D002FBCA8 /* ANSQueue.h */ = {isa = PBXFileReference; fileEncoding = 4; lastKnownFileType = sourcecode.c.h; path = ANSQueue.h; sourceTree = "<group>"; };
		93C5A5D51D40DF3D002FBCA8 /* ANSQueue.m */ = {isa = PBXFileReference; fileEncoding = 4; lastKnownFileType = sourcecode.c.objc; path = ANSQueue.m; sourceTree = "<group>"; };
		93C5A5D71D40DF3D002FBCA8 /* ANSRandom.h */ = {isa = PBXFileReference; fileEncoding = 4; lastKnownFileType = sourcecode.c.h; path = ANSRandom.h; sourceTree = "<group>"; };
		93C5A5D81D40DF3D002FBCA8 /* ANSRandom.m */ = {isa = PBXFileReference; fileEncoding = 4; lastKnownFileType = sourcecode.c.objc; path = ANSRandom.m; sourceTree = "<group>"; };
		93C5A5DA1D40DF3D002FBCA8 /* ANSTimerPrivate.h */ = {isa = PBXFileReference; fileEncoding = 4; lastKnownFileType = sourcecode.c.h; path = ANSTimerPrivate.h; sourceTree = "<group>"; };
		93C5A5DB1D40DF3D002FBCA8 /* ANSTimerPrivate.m */ = {isa = PBXFileReference; fileEncoding = 4; lastKnownFileType = sourcecode.c.objc; path = ANSTimerPrivate.m; sourceTree = "<group>"; };
		93C5A5DC1D40DF3D002FBCA8 /* NSTimer+ANSExtension.h */ = {isa = PBXFileReference; fileEncoding = 4; lastKnownFileType = sourcecode.c.h; path = "NSTimer+ANSExtension.h"; sourceTree = "<group>"; };
		93C5A5DD1D40DF3D002FBCA8 /* NSTimer+ANSExtension.m */ = {isa = PBXFileReference; fileEncoding = 4; lastKnownFileType = sourcecode.c.objc; path = "NSTimer+ANSExtension.m"; sourceTree = "<group>"; };
		93C5A5DF1D40DF3D002FBCA8 /* NSArray+ANSExtension.h */ = {isa = PBXFileReference; fileEncoding = 4; lastKnownFileType = sourcecode.c.h; path = "NSArray+ANSExtension.h"; sourceTree = "<group>"; };
		93C5A5E01D40DF3D002FBCA8 /* NSArray+ANSExtension.m */ = {isa = PBXFileReference; fileEncoding = 4; lastKnownFileType = sourcecode.c.objc; path = "NSArray+ANSExtension.m"; sourceTree = "<group>"; };
		93C5A6061D40E423002FBCA8 /* ANSMacros.h */ = {isa = PBXFileReference; lastKnownFileType = sourcecode.c.h; path = ANSMacros.h; sourceTree = "<group>"; };
		93C5A6071D4107DB002FBCA8 /* NSString+ANSExtension.h */ = {isa = PBXFileReference; fileEncoding = 4; lastKnownFileType = sourcecode.c.h; path = "NSString+ANSExtension.h"; sourceTree = "<group>"; };
		93C5A6081D4107DB002FBCA8 /* NSString+ANSExtension.m */ = {isa = PBXFileReference; fileEncoding = 4; lastKnownFileType = sourcecode.c.objc; path = "NSString+ANSExtension.m"; sourceTree = "<group>"; };
		93C5A60B1D41265C002FBCA8 /* ANSTableViewCell.h */ = {isa = PBXFileReference; fileEncoding = 4; lastKnownFileType = sourcecode.c.h; name = ANSTableViewCell.h; path = ANSTableViewCell/ANSTableViewCell.h; sourceTree = "<group>"; };
		93C5A60C1D41265C002FBCA8 /* ANSTableViewCell.m */ = {isa = PBXFileReference; fileEncoding = 4; lastKnownFileType = sourcecode.c.objc; name = ANSTableViewCell.m; path = ANSTableViewCell/ANSTableViewCell.m; sourceTree = "<group>"; };
		93C5A6181D412D31002FBCA8 /* ANSData.h */ = {isa = PBXFileReference; fileEncoding = 4; lastKnownFileType = sourcecode.c.h; path = ANSData.h; sourceTree = "<group>"; };
		93C5A6191D412D31002FBCA8 /* ANSData.m */ = {isa = PBXFileReference; fileEncoding = 4; lastKnownFileType = sourcecode.c.objc; path = ANSData.m; sourceTree = "<group>"; };
		93E520901D424DAE007EAD07 /* ANSViewControllerTables.h */ = {isa = PBXFileReference; fileEncoding = 4; lastKnownFileType = sourcecode.c.h; path = ANSViewControllerTables.h; sourceTree = "<group>"; };
		93E520911D424DAE007EAD07 /* ANSViewControllerTables.m */ = {isa = PBXFileReference; fileEncoding = 4; lastKnownFileType = sourcecode.c.objc; path = ANSViewControllerTables.m; sourceTree = "<group>"; };
		93E520921D424DAE007EAD07 /* ANSViewControllerTables.xib */ = {isa = PBXFileReference; fileEncoding = 4; lastKnownFileType = file.xib; path = ANSViewControllerTables.xib; sourceTree = "<group>"; };
		93E520951D424E30007EAD07 /* ANSTableView.h */ = {isa = PBXFileReference; fileEncoding = 4; lastKnownFileType = sourcecode.c.h; path = ANSTableView.h; sourceTree = "<group>"; };
		93E520961D424E30007EAD07 /* ANSTableView.m */ = {isa = PBXFileReference; fileEncoding = 4; lastKnownFileType = sourcecode.c.objc; path = ANSTableView.m; sourceTree = "<group>"; };
		93E520C61D427328007EAD07 /* ANSDataCell.h */ = {isa = PBXFileReference; fileEncoding = 4; lastKnownFileType = sourcecode.c.h; path = ANSDataCell.h; sourceTree = "<group>"; };
		93E520C71D427328007EAD07 /* ANSDataCell.m */ = {isa = PBXFileReference; fileEncoding = 4; lastKnownFileType = sourcecode.c.objc; path = ANSDataCell.m; sourceTree = "<group>"; };
		93E520C81D427328007EAD07 /* ANSDataCell.xib */ = {isa = PBXFileReference; fileEncoding = 4; lastKnownFileType = file.xib; path = ANSDataCell.xib; sourceTree = "<group>"; };
		93EC8F5C1D48CDAA000624F0 /* UINib+Extension.h */ = {isa = PBXFileReference; fileEncoding = 4; lastKnownFileType = sourcecode.c.h; path = "UINib+Extension.h"; sourceTree = "<group>"; };
		93EC8F5D1D48CDAA000624F0 /* UINib+Extension.m */ = {isa = PBXFileReference; fileEncoding = 4; lastKnownFileType = sourcecode.c.objc; path = "UINib+Extension.m"; sourceTree = "<group>"; };
		93EC8F631D48D9A6000624F0 /* UITableView+Extension.h */ = {isa = PBXFileReference; fileEncoding = 4; lastKnownFileType = sourcecode.c.h; path = "UITableView+Extension.h"; sourceTree = "<group>"; };
		93EC8F641D48D9A6000624F0 /* UITableView+Extension.m */ = {isa = PBXFileReference; fileEncoding = 4; lastKnownFileType = sourcecode.c.objc; path = "UITableView+Extension.m"; sourceTree = "<group>"; };
		B5E0F054CF32267BB37C7D7E /* Pods-Objective-C UI ProjectUITests.release.xcconfig */ = {isa = PBXFileReference; includeInIndex = 1; lastKnownFileType = text.xcconfig; name = "Pods-Objective-C UI ProjectUITests.release.xcconfig"; path = "Pods/Target Support Files/Pods-Objective-C UI ProjectUITests/Pods-Objective-C UI ProjectUITests.release.xcconfig"; sourceTree = "<group>"; };
		BAFBFF2E6CE8F3654A93BDE2 /* libPods-Objective-C UI ProjectUITests.a */ = {isa = PBXFileReference; explicitFileType = archive.ar; includeInIndex = 0; path = "libPods-Objective-C UI ProjectUITests.a"; sourceTree = BUILT_PRODUCTS_DIR; };
		F28C68C0A3FCC8C7F0409676 /* Pods-Objective-C UI ProjectUITests.debug.xcconfig */ = {isa = PBXFileReference; includeInIndex = 1; lastKnownFileType = text.xcconfig; name = "Pods-Objective-C UI ProjectUITests.debug.xcconfig"; path = "Pods/Target Support Files/Pods-Objective-C UI ProjectUITests/Pods-Objective-C UI ProjectUITests.debug.xcconfig"; sourceTree = "<group>"; };
/* End PBXFileReference section */

/* Begin PBXFrameworksBuildPhase section */
		93C084041D3E367F0077A81C /* Frameworks */ = {
			isa = PBXFrameworksBuildPhase;
			buildActionMask = 2147483647;
			files = (
			);
			runOnlyForDeploymentPostprocessing = 0;
		};
		93C0841D1D3E36800077A81C /* Frameworks */ = {
			isa = PBXFrameworksBuildPhase;
			buildActionMask = 2147483647;
			files = (
				5AEE41B75AE5AF77748B1091 /* libPods-Objective-C UI ProjectUITests.a in Frameworks */,
			);
			runOnlyForDeploymentPostprocessing = 0;
		};
/* End PBXFrameworksBuildPhase section */

/* Begin PBXGroup section */
		4E48BA7DF8283C8199047031 /* Pods */ = {
			isa = PBXGroup;
			children = (
				F28C68C0A3FCC8C7F0409676 /* Pods-Objective-C UI ProjectUITests.debug.xcconfig */,
				B5E0F054CF32267BB37C7D7E /* Pods-Objective-C UI ProjectUITests.release.xcconfig */,
			);
			name = Pods;
			sourceTree = "<group>";
		};
		93026CD81D46810800DFCF23 /* FirstTask */ = {
			isa = PBXGroup;
			children = (
				93026CD91D46810900DFCF23 /* ViewController */,
			);
			path = FirstTask;
			sourceTree = "<group>";
		};
		93026CD91D46810900DFCF23 /* ViewController */ = {
			isa = PBXGroup;
			children = (
				93026CDA1D46810900DFCF23 /* ANSMainView.h */,
				93026CDB1D46810900DFCF23 /* ANSMainView.m */,
				93026CDC1D46810900DFCF23 /* ANSViewControllerFirstTask.h */,
				93026CDD1D46810900DFCF23 /* ANSViewControllerFirstTask.m */,
				93026CDE1D46810900DFCF23 /* ANSViewControllerFirstTask.xib */,
				93026CDF1D46810900DFCF23 /* subViewsOfMainView */,
			);
			path = ViewController;
			sourceTree = "<group>";
		};
		93026CDF1D46810900DFCF23 /* subViewsOfMainView */ = {
			isa = PBXGroup;
			children = (
				93026CE01D46810900DFCF23 /* ANSAnimatedView.h */,
				93026CE11D46810900DFCF23 /* ANSAnimatedView.m */,
			);
			path = subViewsOfMainView;
			sourceTree = "<group>";
		};
		93026CE61D47472200DFCF23 /* ANSObservableObject */ = {
			isa = PBXGroup;
			children = (
				93026CE71D47472200DFCF23 /* ANSObservableObject.h */,
				93026CE81D47472200DFCF23 /* ANSObservableObject.m */,
			);
			path = ANSObservableObject;
			sourceTree = "<group>";
		};
		93C083FE1D3E367F0077A81C = {
			isa = PBXGroup;
			children = (
				93C0842F1D3E36B20077A81C /* iOS Study Plan.txt */,
				93C5A5CF1D40DF3D002FBCA8 /* Library */,
				93C5A5311D3E3AE9002FBCA8 /* Source */,
				93C084381D3E381F0077A81C /* Resources */,
				93E520981D4250AC007EAD07 /* Images */,
				93C084091D3E367F0077A81C /* Objective-C UI Project */,
				93C084231D3E36800077A81C /* Objective-C UI ProjectUITests */,
				93C084081D3E367F0077A81C /* Products */,
				4E48BA7DF8283C8199047031 /* Pods */,
				ABC3C745AE84E877F62B212F /* Frameworks */,
			);
			sourceTree = "<group>";
		};
		93C084081D3E367F0077A81C /* Products */ = {
			isa = PBXGroup;
			children = (
				93C084071D3E367F0077A81C /* Objective-C UI Project.app */,
				93C084201D3E36800077A81C /* Objective-C UI ProjectUITests.xctest */,
			);
			name = Products;
			sourceTree = "<group>";
		};
		93C084091D3E367F0077A81C /* Objective-C UI Project */ = {
			isa = PBXGroup;
			children = (
				93C084311D3E380D0077A81C /* ANSAppDelegate.h */,
				93C084321D3E380D0077A81C /* ANSAppDelegate.m */,
				93C084331D3E380D0077A81C /* Info.plist */,
				93C084341D3E380D0077A81C /* main.m */,
			);
			path = "Objective-C UI Project";
			sourceTree = "<group>";
		};
		93C084231D3E36800077A81C /* Objective-C UI ProjectUITests */ = {
			isa = PBXGroup;
			children = (
				93C084241D3E36800077A81C /* Objective_C_UI_ProjectUITests.m */,
				93C084261D3E36800077A81C /* Info.plist */,
			);
			path = "Objective-C UI ProjectUITests";
			sourceTree = "<group>";
		};
		93C084381D3E381F0077A81C /* Resources */ = {
			isa = PBXGroup;
			children = (
				93C0843A1D3E381F0077A81C /* LaunchScreen.storyboard */,
				93C084391D3E381F0077A81C /* Assets.xcassets */,
			);
			path = Resources;
			sourceTree = "<group>";
		};
		93C5A5311D3E3AE9002FBCA8 /* Source */ = {
			isa = PBXGroup;
			children = (
				93026CD81D46810800DFCF23 /* FirstTask */,
				93C5A5B81D40DB2C002FBCA8 /* SecondTask */,
			);
			path = Source;
			sourceTree = "<group>";
		};
		93C5A5B81D40DB2C002FBCA8 /* SecondTask */ = {
			isa = PBXGroup;
			children = (
				93E5208F1D424DAE007EAD07 /* ASNViewControllerTables */,
				93C5A6171D412D31002FBCA8 /* Models */,
			);
			path = SecondTask;
			sourceTree = "<group>";
		};
		93C5A5CF1D40DF3D002FBCA8 /* Library */ = {
			isa = PBXGroup;
			children = (
				93C5A6051D40E40B002FBCA8 /* ANSMacros */,
				93EC8F621D48D9A6000624F0 /* UITableView */,
				93C5A60A1D4125C2002FBCA8 /* ANSTableViewCell */,
				93EC8F5B1D48CDAA000624F0 /* UINib */,
				93026CE61D47472200DFCF23 /* ANSObservableObject */,
				93C5A5D01D40DF3D002FBCA8 /* ANSGCD */,
				93C5A5D61D40DF3D002FBCA8 /* ANSRandom */,
				93C5A5D91D40DF3D002FBCA8 /* ANSTimer */,
				93C5A5D31D40DF3D002FBCA8 /* ANSQueue */,
				93C5A5DE1D40DF3D002FBCA8 /* NSArray */,
				93C5A5E41D40DF3D002FBCA8 /* NSString */,
			);
			path = Library;
			sourceTree = "<group>";
		};
		93C5A5D01D40DF3D002FBCA8 /* ANSGCD */ = {
			isa = PBXGroup;
			children = (
				93C5A5D11D40DF3D002FBCA8 /* ANSGCD.h */,
				93C5A5D21D40DF3D002FBCA8 /* ANSGCD.m */,
			);
			path = ANSGCD;
			sourceTree = "<group>";
		};
		93C5A5D31D40DF3D002FBCA8 /* ANSQueue */ = {
			isa = PBXGroup;
			children = (
				93C5A5D41D40DF3D002FBCA8 /* ANSQueue.h */,
				93C5A5D51D40DF3D002FBCA8 /* ANSQueue.m */,
			);
			path = ANSQueue;
			sourceTree = "<group>";
		};
		93C5A5D61D40DF3D002FBCA8 /* ANSRandom */ = {
			isa = PBXGroup;
			children = (
				93C5A5D71D40DF3D002FBCA8 /* ANSRandom.h */,
				93C5A5D81D40DF3D002FBCA8 /* ANSRandom.m */,
			);
			path = ANSRandom;
			sourceTree = "<group>";
		};
		93C5A5D91D40DF3D002FBCA8 /* ANSTimer */ = {
			isa = PBXGroup;
			children = (
				93C5A5DA1D40DF3D002FBCA8 /* ANSTimerPrivate.h */,
				93C5A5DB1D40DF3D002FBCA8 /* ANSTimerPrivate.m */,
				93C5A5DC1D40DF3D002FBCA8 /* NSTimer+ANSExtension.h */,
				93C5A5DD1D40DF3D002FBCA8 /* NSTimer+ANSExtension.m */,
			);
			path = ANSTimer;
			sourceTree = "<group>";
		};
		93C5A5DE1D40DF3D002FBCA8 /* NSArray */ = {
			isa = PBXGroup;
			children = (
				93C5A5DF1D40DF3D002FBCA8 /* NSArray+ANSExtension.h */,
				93C5A5E01D40DF3D002FBCA8 /* NSArray+ANSExtension.m */,
			);
			path = NSArray;
			sourceTree = "<group>";
		};
		93C5A5E41D40DF3D002FBCA8 /* NSString */ = {
			isa = PBXGroup;
			children = (
				93C5A6071D4107DB002FBCA8 /* NSString+ANSExtension.h */,
				93C5A6081D4107DB002FBCA8 /* NSString+ANSExtension.m */,
			);
			path = NSString;
			sourceTree = "<group>";
		};
		93C5A6051D40E40B002FBCA8 /* ANSMacros */ = {
			isa = PBXGroup;
			children = (
				93C5A6061D40E423002FBCA8 /* ANSMacros.h */,
			);
			path = ANSMacros;
			sourceTree = "<group>";
		};
		93C5A60A1D4125C2002FBCA8 /* ANSTableViewCell */ = {
			isa = PBXGroup;
			children = (
				93C5A60B1D41265C002FBCA8 /* ANSTableViewCell.h */,
				93C5A60C1D41265C002FBCA8 /* ANSTableViewCell.m */,
			);
			name = ANSTableViewCell;
			sourceTree = "<group>";
		};
		93C5A6171D412D31002FBCA8 /* Models */ = {
			isa = PBXGroup;
			children = (
				93026CCF1D44C2BD00DFCF23 /* ANSDataCollection.h */,
				93026CD01D44C2BE00DFCF23 /* ANSDataCollection.m */,
				93C5A6181D412D31002FBCA8 /* ANSData.h */,
				93C5A6191D412D31002FBCA8 /* ANSData.m */,
			);
			path = Models;
			sourceTree = "<group>";
		};
		93E5208F1D424DAE007EAD07 /* ASNViewControllerTables */ = {
			isa = PBXGroup;
			children = (
				93E520901D424DAE007EAD07 /* ANSViewControllerTables.h */,
				93E520911D424DAE007EAD07 /* ANSViewControllerTables.m */,
				93E520921D424DAE007EAD07 /* ANSViewControllerTables.xib */,
				93E520951D424E30007EAD07 /* ANSTableView.h */,
				93E520961D424E30007EAD07 /* ANSTableView.m */,
				93E520C51D427328007EAD07 /* ANDDataCell */,
			);
			name = ASNViewControllerTables;
			path = Source/SecondTask/UI/ASNViewControllerTables;
			sourceTree = SOURCE_ROOT;
		};
		93E520981D4250AC007EAD07 /* Images */ = {
			isa = PBXGroup;
			children = (
				93026CD61D464D0900DFCF23 /* Gomer_1.jpg */,
				93026CD21D464C9100DFCF23 /* Gomer_2.png */,
			);
			name = Images;
			path = Resources/Images;
			sourceTree = "<group>";
		};
		93E520C51D427328007EAD07 /* ANDDataCell */ = {
			isa = PBXGroup;
			children = (
				93E520C61D427328007EAD07 /* ANSDataCell.h */,
				93E520C71D427328007EAD07 /* ANSDataCell.m */,
				93E520C81D427328007EAD07 /* ANSDataCell.xib */,
			);
			path = ANDDataCell;
			sourceTree = "<group>";
		};
		93EC8F5B1D48CDAA000624F0 /* UINib */ = {
			isa = PBXGroup;
			children = (
				93EC8F5C1D48CDAA000624F0 /* UINib+Extension.h */,
				93EC8F5D1D48CDAA000624F0 /* UINib+Extension.m */,
			);
			path = UINib;
			sourceTree = "<group>";
		};
		93EC8F621D48D9A6000624F0 /* UITableView */ = {
			isa = PBXGroup;
			children = (
				93EC8F631D48D9A6000624F0 /* UITableView+Extension.h */,
				93EC8F641D48D9A6000624F0 /* UITableView+Extension.m */,
			);
			path = UITableView;
			sourceTree = "<group>";
		};
		ABC3C745AE84E877F62B212F /* Frameworks */ = {
			isa = PBXGroup;
			children = (
				BAFBFF2E6CE8F3654A93BDE2 /* libPods-Objective-C UI ProjectUITests.a */,
			);
			name = Frameworks;
			sourceTree = "<group>";
		};
/* End PBXGroup section */

/* Begin PBXNativeTarget section */
		93C084061D3E367F0077A81C /* Objective-C UI Project */ = {
			isa = PBXNativeTarget;
			buildConfigurationList = 93C084291D3E36800077A81C /* Build configuration list for PBXNativeTarget "Objective-C UI Project" */;
			buildPhases = (
				93C084031D3E367F0077A81C /* Sources */,
				93C084041D3E367F0077A81C /* Frameworks */,
				93C084051D3E367F0077A81C /* Resources */,
			);
			buildRules = (
			);
			dependencies = (
			);
			name = "Objective-C UI Project";
			productName = "Objective-C UI Project";
			productReference = 93C084071D3E367F0077A81C /* Objective-C UI Project.app */;
			productType = "com.apple.product-type.application";
		};
		93C0841F1D3E36800077A81C /* Objective-C UI ProjectUITests */ = {
			isa = PBXNativeTarget;
			buildConfigurationList = 93C0842C1D3E36800077A81C /* Build configuration list for PBXNativeTarget "Objective-C UI ProjectUITests" */;
			buildPhases = (
				FF3998705DCBBABC61A2C3C7 /* [CP] Check Pods Manifest.lock */,
				93C0841C1D3E36800077A81C /* Sources */,
				93C0841D1D3E36800077A81C /* Frameworks */,
				93C0841E1D3E36800077A81C /* Resources */,
				172CC122171D1C53388D83D1 /* [CP] Copy Pods Resources */,
			);
			buildRules = (
			);
			dependencies = (
				93C084221D3E36800077A81C /* PBXTargetDependency */,
			);
			name = "Objective-C UI ProjectUITests";
			productName = "Objective-C UI ProjectUITests";
			productReference = 93C084201D3E36800077A81C /* Objective-C UI ProjectUITests.xctest */;
			productType = "com.apple.product-type.bundle.ui-testing";
		};
/* End PBXNativeTarget section */

/* Begin PBXProject section */
		93C083FF1D3E367F0077A81C /* Project object */ = {
			isa = PBXProject;
			attributes = {
				LastUpgradeCheck = 0720;
				ORGANIZATIONNAME = Andriiev.Mykola;
				TargetAttributes = {
					93C084061D3E367F0077A81C = {
						CreatedOnToolsVersion = 7.2.1;
						DevelopmentTeam = 2MQ5R4FSP4;
					};
					93C0841F1D3E36800077A81C = {
						CreatedOnToolsVersion = 7.2.1;
						DevelopmentTeam = 2MQ5R4FSP4;
						TestTargetID = 93C084061D3E367F0077A81C;
					};
				};
			};
			buildConfigurationList = 93C084021D3E367F0077A81C /* Build configuration list for PBXProject "Objective-C UI Project" */;
			compatibilityVersion = "Xcode 3.2";
			developmentRegion = English;
			hasScannedForEncodings = 0;
			knownRegions = (
				en,
				Base,
			);
			mainGroup = 93C083FE1D3E367F0077A81C;
			productRefGroup = 93C084081D3E367F0077A81C /* Products */;
			projectDirPath = "";
			projectRoot = "";
			targets = (
				93C084061D3E367F0077A81C /* Objective-C UI Project */,
				93C0841F1D3E36800077A81C /* Objective-C UI ProjectUITests */,
			);
		};
/* End PBXProject section */

/* Begin PBXResourcesBuildPhase section */
		93C084051D3E367F0077A81C /* Resources */ = {
			isa = PBXResourcesBuildPhase;
			buildActionMask = 2147483647;
			files = (
				93C0843D1D3E381F0077A81C /* LaunchScreen.storyboard in Resources */,
				93026CD71D464D0900DFCF23 /* Gomer_1.jpg in Resources */,
				93E520941D424DAE007EAD07 /* ANSViewControllerTables.xib in Resources */,
				93026CE41D46810900DFCF23 /* ANSViewControllerFirstTask.xib in Resources */,
				93C0843C1D3E381F0077A81C /* Assets.xcassets in Resources */,
				93026CD41D464C9100DFCF23 /* Gomer_2.png in Resources */,
				93E520CA1D427328007EAD07 /* ANSDataCell.xib in Resources */,
				93C084301D3E36B20077A81C /* iOS Study Plan.txt in Resources */,
			);
			runOnlyForDeploymentPostprocessing = 0;
		};
		93C0841E1D3E36800077A81C /* Resources */ = {
			isa = PBXResourcesBuildPhase;
			buildActionMask = 2147483647;
			files = (
			);
			runOnlyForDeploymentPostprocessing = 0;
		};
/* End PBXResourcesBuildPhase section */

/* Begin PBXShellScriptBuildPhase section */
		172CC122171D1C53388D83D1 /* [CP] Copy Pods Resources */ = {
			isa = PBXShellScriptBuildPhase;
			buildActionMask = 2147483647;
			files = (
			);
			inputPaths = (
			);
			name = "[CP] Copy Pods Resources";
			outputPaths = (
			);
			runOnlyForDeploymentPostprocessing = 0;
			shellPath = /bin/sh;
			shellScript = "\"${SRCROOT}/Pods/Target Support Files/Pods-Objective-C UI ProjectUITests/Pods-Objective-C UI ProjectUITests-resources.sh\"\n";
			showEnvVarsInLog = 0;
		};
		FF3998705DCBBABC61A2C3C7 /* [CP] Check Pods Manifest.lock */ = {
			isa = PBXShellScriptBuildPhase;
			buildActionMask = 2147483647;
			files = (
			);
			inputPaths = (
			);
			name = "[CP] Check Pods Manifest.lock";
			outputPaths = (
			);
			runOnlyForDeploymentPostprocessing = 0;
			shellPath = /bin/sh;
			shellScript = "diff \"${PODS_ROOT}/../Podfile.lock\" \"${PODS_ROOT}/Manifest.lock\" > /dev/null\nif [[ $? != 0 ]] ; then\n    cat << EOM\nerror: The sandbox is not in sync with the Podfile.lock. Run 'pod install' or update your CocoaPods installation.\nEOM\n    exit 1\nfi\n";
			showEnvVarsInLog = 0;
		};
/* End PBXShellScriptBuildPhase section */

/* Begin PBXSourcesBuildPhase section */
		93C084031D3E367F0077A81C /* Sources */ = {
			isa = PBXSourcesBuildPhase;
			buildActionMask = 2147483647;
			files = (
				93C5A60D1D41265C002FBCA8 /* ANSTableViewCell.m in Sources */,
				93E520971D424E30007EAD07 /* ANSTableView.m in Sources */,
				93E520C91D427328007EAD07 /* ANSDataCell.m in Sources */,
				93026CD11D44C2BE00DFCF23 /* ANSDataCollection.m in Sources */,
				93C5A6091D4107DB002FBCA8 /* NSString+ANSExtension.m in Sources */,
				93C5A61A1D412D31002FBCA8 /* ANSData.m in Sources */,
				93C5A5F41D40DF3D002FBCA8 /* NSTimer+ANSExtension.m in Sources */,
				93C5A5F51D40DF3D002FBCA8 /* NSArray+ANSExtension.m in Sources */,
				93EC8F651D48D9A6000624F0 /* UITableView+Extension.m in Sources */,
				93E520931D424DAE007EAD07 /* ANSViewControllerTables.m in Sources */,
				93C5A5F31D40DF3D002FBCA8 /* ANSTimerPrivate.m in Sources */,
				93026CE21D46810900DFCF23 /* ANSMainView.m in Sources */,
				93EC8F5E1D48CDAA000624F0 /* UINib+Extension.m in Sources */,
				93C5A5F21D40DF3D002FBCA8 /* ANSRandom.m in Sources */,
				93C5A5F11D40DF3D002FBCA8 /* ANSQueue.m in Sources */,
				93C5A5F01D40DF3D002FBCA8 /* ANSGCD.m in Sources */,
				93026CE51D46810900DFCF23 /* ANSAnimatedView.m in Sources */,
				93C084371D3E380D0077A81C /* main.m in Sources */,
				93C084351D3E380D0077A81C /* ANSAppDelegate.m in Sources */,
				93026CE91D47472200DFCF23 /* ANSObservableObject.m in Sources */,
				93026CE31D46810900DFCF23 /* ANSViewControllerFirstTask.m in Sources */,
			);
			runOnlyForDeploymentPostprocessing = 0;
		};
		93C0841C1D3E36800077A81C /* Sources */ = {
			isa = PBXSourcesBuildPhase;
			buildActionMask = 2147483647;
			files = (
				93C084251D3E36800077A81C /* Objective_C_UI_ProjectUITests.m in Sources */,
			);
			runOnlyForDeploymentPostprocessing = 0;
		};
/* End PBXSourcesBuildPhase section */

/* Begin PBXTargetDependency section */
		93C084221D3E36800077A81C /* PBXTargetDependency */ = {
			isa = PBXTargetDependency;
			target = 93C084061D3E367F0077A81C /* Objective-C UI Project */;
			targetProxy = 93C084211D3E36800077A81C /* PBXContainerItemProxy */;
		};
/* End PBXTargetDependency section */

/* Begin PBXVariantGroup section */
		93C0843A1D3E381F0077A81C /* LaunchScreen.storyboard */ = {
			isa = PBXVariantGroup;
			children = (
				93C0843B1D3E381F0077A81C /* Base */,
			);
			name = LaunchScreen.storyboard;
			sourceTree = "<group>";
		};
/* End PBXVariantGroup section */

/* Begin XCBuildConfiguration section */
		93C084271D3E36800077A81C /* Debug */ = {
			isa = XCBuildConfiguration;
			buildSettings = {
				ALWAYS_SEARCH_USER_PATHS = NO;
				CLANG_CXX_LANGUAGE_STANDARD = "gnu++0x";
				CLANG_CXX_LIBRARY = "libc++";
				CLANG_ENABLE_MODULES = YES;
				CLANG_ENABLE_OBJC_ARC = YES;
				CLANG_WARN_BOOL_CONVERSION = YES;
				CLANG_WARN_CONSTANT_CONVERSION = YES;
				CLANG_WARN_DIRECT_OBJC_ISA_USAGE = YES_ERROR;
				CLANG_WARN_EMPTY_BODY = YES;
				CLANG_WARN_ENUM_CONVERSION = YES;
				CLANG_WARN_INT_CONVERSION = YES;
				CLANG_WARN_OBJC_ROOT_CLASS = YES_ERROR;
				CLANG_WARN_UNREACHABLE_CODE = YES;
				CLANG_WARN__DUPLICATE_METHOD_MATCH = YES;
				"CODE_SIGN_IDENTITY[sdk=iphoneos*]" = "iPhone Developer";
				COPY_PHASE_STRIP = NO;
				DEBUG_INFORMATION_FORMAT = dwarf;
				ENABLE_STRICT_OBJC_MSGSEND = YES;
				ENABLE_TESTABILITY = YES;
				GCC_C_LANGUAGE_STANDARD = gnu99;
				GCC_DYNAMIC_NO_PIC = NO;
				GCC_NO_COMMON_BLOCKS = YES;
				GCC_OPTIMIZATION_LEVEL = 0;
				GCC_PREPROCESSOR_DEFINITIONS = (
					"DEBUG=1",
					"$(inherited)",
				);
				GCC_WARN_64_TO_32_BIT_CONVERSION = YES;
				GCC_WARN_ABOUT_RETURN_TYPE = YES_ERROR;
				GCC_WARN_UNDECLARED_SELECTOR = YES;
				GCC_WARN_UNINITIALIZED_AUTOS = YES_AGGRESSIVE;
				GCC_WARN_UNUSED_FUNCTION = YES;
				GCC_WARN_UNUSED_VARIABLE = YES;
				IPHONEOS_DEPLOYMENT_TARGET = 9.2;
				MTL_ENABLE_DEBUG_INFO = YES;
				ONLY_ACTIVE_ARCH = YES;
				SDKROOT = iphoneos;
			};
			name = Debug;
		};
		93C084281D3E36800077A81C /* Release */ = {
			isa = XCBuildConfiguration;
			buildSettings = {
				ALWAYS_SEARCH_USER_PATHS = NO;
				CLANG_CXX_LANGUAGE_STANDARD = "gnu++0x";
				CLANG_CXX_LIBRARY = "libc++";
				CLANG_ENABLE_MODULES = YES;
				CLANG_ENABLE_OBJC_ARC = YES;
				CLANG_WARN_BOOL_CONVERSION = YES;
				CLANG_WARN_CONSTANT_CONVERSION = YES;
				CLANG_WARN_DIRECT_OBJC_ISA_USAGE = YES_ERROR;
				CLANG_WARN_EMPTY_BODY = YES;
				CLANG_WARN_ENUM_CONVERSION = YES;
				CLANG_WARN_INT_CONVERSION = YES;
				CLANG_WARN_OBJC_ROOT_CLASS = YES_ERROR;
				CLANG_WARN_UNREACHABLE_CODE = YES;
				CLANG_WARN__DUPLICATE_METHOD_MATCH = YES;
				"CODE_SIGN_IDENTITY[sdk=iphoneos*]" = "iPhone Developer";
				COPY_PHASE_STRIP = NO;
				DEBUG_INFORMATION_FORMAT = "dwarf-with-dsym";
				ENABLE_NS_ASSERTIONS = NO;
				ENABLE_STRICT_OBJC_MSGSEND = YES;
				GCC_C_LANGUAGE_STANDARD = gnu99;
				GCC_NO_COMMON_BLOCKS = YES;
				GCC_WARN_64_TO_32_BIT_CONVERSION = YES;
				GCC_WARN_ABOUT_RETURN_TYPE = YES_ERROR;
				GCC_WARN_UNDECLARED_SELECTOR = YES;
				GCC_WARN_UNINITIALIZED_AUTOS = YES_AGGRESSIVE;
				GCC_WARN_UNUSED_FUNCTION = YES;
				GCC_WARN_UNUSED_VARIABLE = YES;
				IPHONEOS_DEPLOYMENT_TARGET = 9.2;
				MTL_ENABLE_DEBUG_INFO = NO;
				SDKROOT = iphoneos;
				VALIDATE_PRODUCT = YES;
			};
			name = Release;
		};
		93C0842A1D3E36800077A81C /* Debug */ = {
			isa = XCBuildConfiguration;
			buildSettings = {
				ASSETCATALOG_COMPILER_APPICON_NAME = AppIcon;
				INFOPLIST_FILE = "Objective-C UI Project/Info.plist";
				LD_RUNPATH_SEARCH_PATHS = "$(inherited) @executable_path/Frameworks";
				PRODUCT_BUNDLE_IDENTIFIER = "Andriiev.Mykola.Objective-C-UI-Project";
				PRODUCT_NAME = "$(TARGET_NAME)";
			};
			name = Debug;
		};
		93C0842B1D3E36800077A81C /* Release */ = {
			isa = XCBuildConfiguration;
			buildSettings = {
				ASSETCATALOG_COMPILER_APPICON_NAME = AppIcon;
				INFOPLIST_FILE = "Objective-C UI Project/Info.plist";
				LD_RUNPATH_SEARCH_PATHS = "$(inherited) @executable_path/Frameworks";
				PRODUCT_BUNDLE_IDENTIFIER = "Andriiev.Mykola.Objective-C-UI-Project";
				PRODUCT_NAME = "$(TARGET_NAME)";
			};
			name = Release;
		};
		93C0842D1D3E36800077A81C /* Debug */ = {
			isa = XCBuildConfiguration;
			baseConfigurationReference = F28C68C0A3FCC8C7F0409676 /* Pods-Objective-C UI ProjectUITests.debug.xcconfig */;
			buildSettings = {
				INFOPLIST_FILE = "Objective-C UI ProjectUITests/Info.plist";
				LD_RUNPATH_SEARCH_PATHS = "$(inherited) @executable_path/Frameworks @loader_path/Frameworks";
				PRODUCT_BUNDLE_IDENTIFIER = "Andriiev.Mykola.Objective-C-UI-ProjectUITests";
				PRODUCT_NAME = "$(TARGET_NAME)";
				TEST_TARGET_NAME = "Objective-C UI Project";
				USES_XCTRUNNER = YES;
			};
			name = Debug;
		};
		93C0842E1D3E36800077A81C /* Release */ = {
			isa = XCBuildConfiguration;
			baseConfigurationReference = B5E0F054CF32267BB37C7D7E /* Pods-Objective-C UI ProjectUITests.release.xcconfig */;
			buildSettings = {
				INFOPLIST_FILE = "Objective-C UI ProjectUITests/Info.plist";
				LD_RUNPATH_SEARCH_PATHS = "$(inherited) @executable_path/Frameworks @loader_path/Frameworks";
				PRODUCT_BUNDLE_IDENTIFIER = "Andriiev.Mykola.Objective-C-UI-ProjectUITests";
				PRODUCT_NAME = "$(TARGET_NAME)";
				TEST_TARGET_NAME = "Objective-C UI Project";
				USES_XCTRUNNER = YES;
			};
			name = Release;
		};
/* End XCBuildConfiguration section */

/* Begin XCConfigurationList section */
		93C084021D3E367F0077A81C /* Build configuration list for PBXProject "Objective-C UI Project" */ = {
			isa = XCConfigurationList;
			buildConfigurations = (
				93C084271D3E36800077A81C /* Debug */,
				93C084281D3E36800077A81C /* Release */,
			);
			defaultConfigurationIsVisible = 0;
			defaultConfigurationName = Release;
		};
		93C084291D3E36800077A81C /* Build configuration list for PBXNativeTarget "Objective-C UI Project" */ = {
			isa = XCConfigurationList;
			buildConfigurations = (
				93C0842A1D3E36800077A81C /* Debug */,
				93C0842B1D3E36800077A81C /* Release */,
			);
			defaultConfigurationIsVisible = 0;
			defaultConfigurationName = Release;
		};
		93C0842C1D3E36800077A81C /* Build configuration list for PBXNativeTarget "Objective-C UI ProjectUITests" */ = {
			isa = XCConfigurationList;
			buildConfigurations = (
				93C0842D1D3E36800077A81C /* Debug */,
				93C0842E1D3E36800077A81C /* Release */,
			);
			defaultConfigurationIsVisible = 0;
			defaultConfigurationName = Release;
		};
/* End XCConfigurationList section */
	};
	rootObject = 93C083FF1D3E367F0077A81C /* Project object */;
}
