// !$*UTF8*$!
{
	archiveVersion = 1;
	classes = {
	};
	objectVersion = 46;
	objects = {

/* Begin PBXBuildFile section */
		68B8C5255C5CA45C5CE21FFF /* libPods-Objective-C UI ProjectUITests.a in Frameworks */ = {isa = PBXBuildFile; fileRef = F7BCDFACA2E5EC506E9A6D52 /* libPods-Objective-C UI ProjectUITests.a */; };
		9302D7BD1D981385003CD9B8 /* ANSFriendsContext.m in Sources */ = {isa = PBXBuildFile; fileRef = 9302D7BC1D981385003CD9B8 /* ANSFriendsContext.m */; };
		9302D7C31D991249003CD9B8 /* ANSFBContext.m in Sources */ = {isa = PBXBuildFile; fileRef = 9302D7C21D991249003CD9B8 /* ANSFBContext.m */; };
		9302D7C91D991440003CD9B8 /* ANSFBConstatns.m in Sources */ = {isa = PBXBuildFile; fileRef = 9302D7C81D991440003CD9B8 /* ANSFBConstatns.m */; };
		9302D7D41D991DA8003CD9B8 /* ANSFriendListView.m in Sources */ = {isa = PBXBuildFile; fileRef = 9302D7CC1D991DA8003CD9B8 /* ANSFriendListView.m */; };
		9302D7D51D991DA8003CD9B8 /* ANSFriendListViewController.m in Sources */ = {isa = PBXBuildFile; fileRef = 9302D7CE1D991DA8003CD9B8 /* ANSFriendListViewController.m */; };
		9302D7D61D991DA8003CD9B8 /* ANSFriendListViewController.xib in Resources */ = {isa = PBXBuildFile; fileRef = 9302D7CF1D991DA8003CD9B8 /* ANSFriendListViewController.xib */; };
		9302D7D71D991DA8003CD9B8 /* ANSUserCell.m in Sources */ = {isa = PBXBuildFile; fileRef = 9302D7D21D991DA8003CD9B8 /* ANSUserCell.m */; };
		9302D7D81D991DA8003CD9B8 /* ANSUserCell.xib in Resources */ = {isa = PBXBuildFile; fileRef = 9302D7D31D991DA8003CD9B8 /* ANSUserCell.xib */; };
		9302D7E21D992415003CD9B8 /* ANSUserDetailsViewController.m in Sources */ = {isa = PBXBuildFile; fileRef = 9302D7E01D992415003CD9B8 /* ANSUserDetailsViewController.m */; };
		9302D7E31D992415003CD9B8 /* ANSUserDetailsViewController.xib in Resources */ = {isa = PBXBuildFile; fileRef = 9302D7E11D992415003CD9B8 /* ANSUserDetailsViewController.xib */; };
		9302D7E61D992446003CD9B8 /* ANSUserDetailsView.m in Sources */ = {isa = PBXBuildFile; fileRef = 9302D7E51D992446003CD9B8 /* ANSUserDetailsView.m */; };
		9302D7ED1D9924BB003CD9B8 /* ANSLoginView.m in Sources */ = {isa = PBXBuildFile; fileRef = 9302D7E91D9924BB003CD9B8 /* ANSLoginView.m */; };
		9302D7EE1D9924BB003CD9B8 /* ANSLoginViewController.m in Sources */ = {isa = PBXBuildFile; fileRef = 9302D7EB1D9924BB003CD9B8 /* ANSLoginViewController.m */; };
		9302D7EF1D9924BB003CD9B8 /* ANSLoginViewController.xib in Resources */ = {isa = PBXBuildFile; fileRef = 9302D7EC1D9924BB003CD9B8 /* ANSLoginViewController.xib */; };
		9315EA731D93EC4D0053D21D /* ANSFBFriends.m in Sources */ = {isa = PBXBuildFile; fileRef = 9315EA721D93EC4D0053D21D /* ANSFBFriends.m */; };
		9315EA931D955DAB0053D21D /* ANSUserDetailsContext.m in Sources */ = {isa = PBXBuildFile; fileRef = 9315EA921D955DAB0053D21D /* ANSUserDetailsContext.m */; };
		934DB0D91DA68E3900588924 /* ANSRandom.m in Sources */ = {isa = PBXBuildFile; fileRef = 93E3E4521DA3AC1D00C2BBC1 /* ANSRandom.m */; };
		934DB0DA1DA68E6900588924 /* NSString+ANSJSONRepresentation.m in Sources */ = {isa = PBXBuildFile; fileRef = 93E3E48A1DA3AC1D00C2BBC1 /* NSString+ANSJSONRepresentation.m */; };
		934DB0DB1DA68E6A00588924 /* NSString+ANSExtension.m in Sources */ = {isa = PBXBuildFile; fileRef = 93E3E4881DA3AC1D00C2BBC1 /* NSString+ANSExtension.m */; };
		934DB0F31DA7D77E00588924 /* ANSUser.m in Sources */ = {isa = PBXBuildFile; fileRef = 934DB0F21DA7D77E00588924 /* ANSUser.m */; };
		934DB0F81DA9B8C200588924 /* ANSNameFilterModel.m in Sources */ = {isa = PBXBuildFile; fileRef = 934DB0F71DA9B8C200588924 /* ANSNameFilterModel.m */; };
		935E5A0B1D6F4CA5005F6285 /* aaa.plist in Resources */ = {isa = PBXBuildFile; fileRef = 935E5A0A1D6F4CA5005F6285 /* aaa.plist */; };
		9368188E1DA686F000B04C29 /* NSFileManager+ANSExtension.m in Sources */ = {isa = PBXBuildFile; fileRef = 93E3E4741DA3AC1D00C2BBC1 /* NSFileManager+ANSExtension.m */; };
		9382A6471DA5345E007E8D36 /* NSManagedObjectContext+Extension.m in Sources */ = {isa = PBXBuildFile; fileRef = 9382A6461DA5345E007E8D36 /* NSManagedObjectContext+Extension.m */; };
		9382A7821DA6589F007E8D36 /* ANSCoreDataManager.m in Sources */ = {isa = PBXBuildFile; fileRef = 93A41AEE1DA3E6F6005FA99A /* ANSCoreDataManager.m */; };
		9382A7831DA658A4007E8D36 /* NSManagedObject+ANSExtension.m in Sources */ = {isa = PBXBuildFile; fileRef = 93E3E5751DA3D9AC00C2BBC1 /* NSManagedObject+ANSExtension.m */; };
		9382A7841DA658A5007E8D36 /* NSManagedObject+ANSExtension.m in Sources */ = {isa = PBXBuildFile; fileRef = 93E3E5751DA3D9AC00C2BBC1 /* NSManagedObject+ANSExtension.m */; };
		9382A78B1DA660ED007E8D36 /* NSManagedObjectContext+Extension.m in Sources */ = {isa = PBXBuildFile; fileRef = 9382A6461DA5345E007E8D36 /* NSManagedObjectContext+Extension.m */; };
		9382A7901DA665DA007E8D36 /* libFBSDKCoreKit.a in Frameworks */ = {isa = PBXBuildFile; fileRef = 9382A78C1DA665DA007E8D36 /* libFBSDKCoreKit.a */; };
		9382A7911DA665DA007E8D36 /* libFBSDKLoginKit.a in Frameworks */ = {isa = PBXBuildFile; fileRef = 9382A78D1DA665DA007E8D36 /* libFBSDKLoginKit.a */; };
		9382A7921DA665DA007E8D36 /* libFBSDKShareKit.a in Frameworks */ = {isa = PBXBuildFile; fileRef = 9382A78E1DA665DA007E8D36 /* libFBSDKShareKit.a */; };
		9382A7AE1DA67FEF007E8D36 /* ANSUsersMom.xcdatamodeld in Sources */ = {isa = PBXBuildFile; fileRef = 9382A7AC1DA67FEF007E8D36 /* ANSUsersMom.xcdatamodeld */; };
		93A41AF01DA40261005FA99A /* ANSCoreDataManager.m in Sources */ = {isa = PBXBuildFile; fileRef = 93A41AEE1DA3E6F6005FA99A /* ANSCoreDataManager.m */; };
		93C084301D3E36B20077A81C /* iOS Study Plan.txt in Resources */ = {isa = PBXBuildFile; fileRef = 93C0842F1D3E36B20077A81C /* iOS Study Plan.txt */; };
		93C084351D3E380D0077A81C /* ANSAppDelegate.m in Sources */ = {isa = PBXBuildFile; fileRef = 93C084321D3E380D0077A81C /* ANSAppDelegate.m */; };
		93C084371D3E380D0077A81C /* main.m in Sources */ = {isa = PBXBuildFile; fileRef = 93C084341D3E380D0077A81C /* main.m */; };
		93C0843C1D3E381F0077A81C /* Assets.xcassets in Resources */ = {isa = PBXBuildFile; fileRef = 93C084391D3E381F0077A81C /* Assets.xcassets */; };
		93C0843D1D3E381F0077A81C /* LaunchScreen.storyboard in Resources */ = {isa = PBXBuildFile; fileRef = 93C0843A1D3E381F0077A81C /* LaunchScreen.storyboard */; };
		93CF63331D97F93700FFFFF4 /* ANSLoginContext.m in Sources */ = {isa = PBXBuildFile; fileRef = 93CF63321D97F93700FFFFF4 /* ANSLoginContext.m */; };
		93E3E4111DA23BCD00C2BBC1 /* ANSLoginInterection.m in Sources */ = {isa = PBXBuildFile; fileRef = 93E3E4101DA23BCD00C2BBC1 /* ANSLoginInterection.m */; };
		93E3E4DF1DA3AC1D00C2BBC1 /* ANSGCD.m in Sources */ = {isa = PBXBuildFile; fileRef = 93E3E44F1DA3AC1D00C2BBC1 /* ANSGCD.m */; };
		93E3E4E01DA3AC1D00C2BBC1 /* ANSRandom.m in Sources */ = {isa = PBXBuildFile; fileRef = 93E3E4521DA3AC1D00C2BBC1 /* ANSRandom.m */; };
		93E3E4E11DA3AC1D00C2BBC1 /* ANSImageView.m in Sources */ = {isa = PBXBuildFile; fileRef = 93E3E4561DA3AC1D00C2BBC1 /* ANSImageView.m */; };
		93E3E4E21DA3AC1D00C2BBC1 /* ANSLoadingView.m in Sources */ = {isa = PBXBuildFile; fileRef = 93E3E4591DA3AC1D00C2BBC1 /* ANSLoadingView.m */; };
		93E3E4E31DA3AC1D00C2BBC1 /* ANSLoadingView.xib in Resources */ = {isa = PBXBuildFile; fileRef = 93E3E45A1DA3AC1D00C2BBC1 /* ANSLoadingView.xib */; };
		93E3E4E41DA3AC1D00C2BBC1 /* ANSTableViewCell.m in Sources */ = {isa = PBXBuildFile; fileRef = 93E3E45D1DA3AC1D00C2BBC1 /* ANSTableViewCell.m */; };
		93E3E4E51DA3AC1E00C2BBC1 /* ANSRootView.m in Sources */ = {isa = PBXBuildFile; fileRef = 93E3E4601DA3AC1D00C2BBC1 /* ANSRootView.m */; };
		93E3E4E61DA3AC1E00C2BBC1 /* NSDictionary+ANSJSONRepresentation.m in Sources */ = {isa = PBXBuildFile; fileRef = 93E3E4641DA3AC1D00C2BBC1 /* NSDictionary+ANSJSONRepresentation.m */; };
		93E3E4E71DA3AC1E00C2BBC1 /* ANSTimerPrivate.m in Sources */ = {isa = PBXBuildFile; fileRef = 93E3E4671DA3AC1D00C2BBC1 /* ANSTimerPrivate.m */; };
		93E3E4E81DA3AC1E00C2BBC1 /* NSTimer+ANSExtension.m in Sources */ = {isa = PBXBuildFile; fileRef = 93E3E4691DA3AC1D00C2BBC1 /* NSTimer+ANSExtension.m */; };
		93E3E4E91DA3AC1E00C2BBC1 /* NSArray+ANSExtension.m in Sources */ = {isa = PBXBuildFile; fileRef = 93E3E46C1DA3AC1D00C2BBC1 /* NSArray+ANSExtension.m */; };
		93E3E4EA1DA3AC1E00C2BBC1 /* NSArray+JSONRepresentation.m in Sources */ = {isa = PBXBuildFile; fileRef = 93E3E46E1DA3AC1D00C2BBC1 /* NSArray+JSONRepresentation.m */; };
		93E3E4EB1DA3AC1E00C2BBC1 /* NSBundle+ANSExtenison.m in Sources */ = {isa = PBXBuildFile; fileRef = 93E3E4711DA3AC1D00C2BBC1 /* NSBundle+ANSExtenison.m */; };
		93E3E4EC1DA3AC1E00C2BBC1 /* NSFileManager+ANSExtension.m in Sources */ = {isa = PBXBuildFile; fileRef = 93E3E4741DA3AC1D00C2BBC1 /* NSFileManager+ANSExtension.m */; };
		93E3E4ED1DA3AC1E00C2BBC1 /* NSJSONSerialization+Extension.m in Sources */ = {isa = PBXBuildFile; fileRef = 93E3E4771DA3AC1D00C2BBC1 /* NSJSONSerialization+Extension.m */; };
		93E3E4EE1DA3AC1E00C2BBC1 /* NSMutableArray+ANSExtension.m in Sources */ = {isa = PBXBuildFile; fileRef = 93E3E47A1DA3AC1D00C2BBC1 /* NSMutableArray+ANSExtension.m */; };
		93E3E4EF1DA3AC1E00C2BBC1 /* NSNull+ANSJSONRepresentation.m in Sources */ = {isa = PBXBuildFile; fileRef = 93E3E47D1DA3AC1D00C2BBC1 /* NSNull+ANSJSONRepresentation.m */; };
		93E3E4F01DA3AC1E00C2BBC1 /* NSNumber+ANSJSONRepresentation.m in Sources */ = {isa = PBXBuildFile; fileRef = 93E3E4801DA3AC1D00C2BBC1 /* NSNumber+ANSJSONRepresentation.m */; };
		93E3E4F31DA3AC1E00C2BBC1 /* NSString+ANSExtension.m in Sources */ = {isa = PBXBuildFile; fileRef = 93E3E4881DA3AC1D00C2BBC1 /* NSString+ANSExtension.m */; };
		93E3E4F41DA3AC1E00C2BBC1 /* NSString+ANSJSONRepresentation.m in Sources */ = {isa = PBXBuildFile; fileRef = 93E3E48A1DA3AC1D00C2BBC1 /* NSString+ANSJSONRepresentation.m */; };
		93E3E4F81DA3AC1E00C2BBC1 /* UIImage+ANSExtension.m in Sources */ = {isa = PBXBuildFile; fileRef = 93E3E4941DA3AC1D00C2BBC1 /* UIImage+ANSExtension.m */; };
		93E3E4F91DA3AC1E00C2BBC1 /* UINib+Extension.m in Sources */ = {isa = PBXBuildFile; fileRef = 93E3E4971DA3AC1D00C2BBC1 /* UINib+Extension.m */; };
		93E3E4FA1DA3AC1E00C2BBC1 /* UIScreen+ANSExtension.m in Sources */ = {isa = PBXBuildFile; fileRef = 93E3E49A1DA3AC1D00C2BBC1 /* UIScreen+ANSExtension.m */; };
		93E3E4FB1DA3AC1E00C2BBC1 /* UITableView+Extension.m in Sources */ = {isa = PBXBuildFile; fileRef = 93E3E49D1DA3AC1D00C2BBC1 /* UITableView+Extension.m */; };
		93E3E4FC1DA3AC1E00C2BBC1 /* UIView+ANSExtension.m in Sources */ = {isa = PBXBuildFile; fileRef = 93E3E4A01DA3AC1D00C2BBC1 /* UIView+ANSExtension.m */; };
		93E3E4FD1DA3AC1E00C2BBC1 /* UIViewController+ANSExtension.m in Sources */ = {isa = PBXBuildFile; fileRef = 93E3E4A31DA3AC1D00C2BBC1 /* UIViewController+ANSExtension.m */; };
		93E3E54E1DA3AF3100C2BBC1 /* ANSArrayModel.m in Sources */ = {isa = PBXBuildFile; fileRef = 93E3E5141DA3AF3100C2BBC1 /* ANSArrayModel.m */; };
		93E3E54F1DA3AF3100C2BBC1 /* ANSChangeModel+UITableView.m in Sources */ = {isa = PBXBuildFile; fileRef = 93E3E5171DA3AF3100C2BBC1 /* ANSChangeModel+UITableView.m */; };
		93E3E5501DA3AF3100C2BBC1 /* ANSChangeModel.m in Sources */ = {isa = PBXBuildFile; fileRef = 93E3E5191DA3AF3100C2BBC1 /* ANSChangeModel.m */; };
		93E3E5511DA3AF3100C2BBC1 /* ANSOneIndexModel.m in Sources */ = {isa = PBXBuildFile; fileRef = 93E3E51C1DA3AF3100C2BBC1 /* ANSOneIndexModel.m */; };
		93E3E5521DA3AF3100C2BBC1 /* ANSRangeChangeModel.m in Sources */ = {isa = PBXBuildFile; fileRef = 93E3E51E1DA3AF3100C2BBC1 /* ANSRangeChangeModel.m */; };
		93E3E5531DA3AF3100C2BBC1 /* ANSTwoIndexModel.m in Sources */ = {isa = PBXBuildFile; fileRef = 93E3E5201DA3AF3100C2BBC1 /* ANSTwoIndexModel.m */; };
		93E3E5541DA3AF3100C2BBC1 /* ANSOneIndexModel+UITableView.m in Sources */ = {isa = PBXBuildFile; fileRef = 93E3E5231DA3AF3100C2BBC1 /* ANSOneIndexModel+UITableView.m */; };
		93E3E5551DA3AF3100C2BBC1 /* ANSRangeChangeModel+UITableView.m in Sources */ = {isa = PBXBuildFile; fileRef = 93E3E5251DA3AF3100C2BBC1 /* ANSRangeChangeModel+UITableView.m */; };
		93E3E5561DA3AF3100C2BBC1 /* ANSTwoIndexModel+UITableView.m in Sources */ = {isa = PBXBuildFile; fileRef = 93E3E5271DA3AF3100C2BBC1 /* ANSTwoIndexModel+UITableView.m */; };
		93E3E5571DA3AF3100C2BBC1 /* ANSCacheStorage.m in Sources */ = {isa = PBXBuildFile; fileRef = 93E3E52B1DA3AF3100C2BBC1 /* ANSCacheStorage.m */; };
		93E3E5581DA3AF3100C2BBC1 /* ANSImageModel.m in Sources */ = {isa = PBXBuildFile; fileRef = 93E3E52E1DA3AF3100C2BBC1 /* ANSImageModel.m */; };
		93E3E5591DA3AF3100C2BBC1 /* ANSInternetImageModel.m in Sources */ = {isa = PBXBuildFile; fileRef = 93E3E5311DA3AF3100C2BBC1 /* ANSInternetImageModel.m */; };
		93E3E55A1DA3AF3100C2BBC1 /* ANSLocalImageModel.m in Sources */ = {isa = PBXBuildFile; fileRef = 93E3E5331DA3AF3100C2BBC1 /* ANSLocalImageModel.m */; };
		93E3E55B1DA3AF3100C2BBC1 /* ANSLoadableModel.m in Sources */ = {isa = PBXBuildFile; fileRef = 93E3E5361DA3AF3100C2BBC1 /* ANSLoadableModel.m */; };
		93E3E55E1DA3AF3100C2BBC1 /* ANSObservableObject.m in Sources */ = {isa = PBXBuildFile; fileRef = 93E3E53F1DA3AF3100C2BBC1 /* ANSObservableObject.m */; };
		93E3E55F1DA3AF3100C2BBC1 /* ANSBlockObservationController.m in Sources */ = {isa = PBXBuildFile; fileRef = 93E3E5421DA3AF3100C2BBC1 /* ANSBlockObservationController.m */; };
		93E3E5601DA3AF3100C2BBC1 /* ANSObservationController.m in Sources */ = {isa = PBXBuildFile; fileRef = 93E3E5441DA3AF3100C2BBC1 /* ANSObservationController.m */; };
		93E3E5611DA3AF3100C2BBC1 /* ANSProtocolObservationController.m in Sources */ = {isa = PBXBuildFile; fileRef = 93E3E5461DA3AF3100C2BBC1 /* ANSProtocolObservationController.m */; };
		93E3E5621DA3AF3100C2BBC1 /* ANSQueue.m in Sources */ = {isa = PBXBuildFile; fileRef = 93E3E54C1DA3AF3100C2BBC1 /* ANSQueue.m */; };
		93E3E5701DA3D68600C2BBC1 /* CoreData.framework in Frameworks */ = {isa = PBXBuildFile; fileRef = 93E3E56F1DA3D68600C2BBC1 /* CoreData.framework */; };
		97A0640B62966C033765C16A /* libPods-Objective-C UI Project.a in Frameworks */ = {isa = PBXBuildFile; fileRef = 265D70E37B37D668A7DF03E7 /* libPods-Objective-C UI Project.a */; };
/* End PBXBuildFile section */

/* Begin PBXContainerItemProxy section */
		93C084211D3E36800077A81C /* PBXContainerItemProxy */ = {
			isa = PBXContainerItemProxy;
			containerPortal = 93C083FF1D3E367F0077A81C /* Project object */;
			proxyType = 1;
			remoteGlobalIDString = 93C084061D3E367F0077A81C;
			remoteInfo = "Objective-C UI Project";
		};
/* End PBXContainerItemProxy section */

/* Begin PBXFileReference section */
		265D70E37B37D668A7DF03E7 /* libPods-Objective-C UI Project.a */ = {isa = PBXFileReference; explicitFileType = archive.ar; includeInIndex = 0; path = "libPods-Objective-C UI Project.a"; sourceTree = BUILT_PRODUCTS_DIR; };
		486FD201570D96C7BDB4C317 /* Pods-Objective-C UI Project.release.xcconfig */ = {isa = PBXFileReference; includeInIndex = 1; lastKnownFileType = text.xcconfig; name = "Pods-Objective-C UI Project.release.xcconfig"; path = "Pods/Target Support Files/Pods-Objective-C UI Project/Pods-Objective-C UI Project.release.xcconfig"; sourceTree = "<group>"; };
		9302D7BB1D981385003CD9B8 /* ANSFriendsContext.h */ = {isa = PBXFileReference; fileEncoding = 4; lastKnownFileType = sourcecode.c.h; path = ANSFriendsContext.h; sourceTree = "<group>"; };
		9302D7BC1D981385003CD9B8 /* ANSFriendsContext.m */ = {isa = PBXFileReference; fileEncoding = 4; lastKnownFileType = sourcecode.c.objc; path = ANSFriendsContext.m; sourceTree = "<group>"; };
		9302D7C11D991249003CD9B8 /* ANSFBContext.h */ = {isa = PBXFileReference; fileEncoding = 4; lastKnownFileType = sourcecode.c.h; path = ANSFBContext.h; sourceTree = "<group>"; };
		9302D7C21D991249003CD9B8 /* ANSFBContext.m */ = {isa = PBXFileReference; fileEncoding = 4; lastKnownFileType = sourcecode.c.objc; path = ANSFBContext.m; sourceTree = "<group>"; };
		9302D7C71D991440003CD9B8 /* ANSFBConstatns.h */ = {isa = PBXFileReference; fileEncoding = 4; lastKnownFileType = sourcecode.c.h; path = ANSFBConstatns.h; sourceTree = "<group>"; };
		9302D7C81D991440003CD9B8 /* ANSFBConstatns.m */ = {isa = PBXFileReference; fileEncoding = 4; lastKnownFileType = sourcecode.c.objc; path = ANSFBConstatns.m; sourceTree = "<group>"; };
		9302D7CB1D991DA8003CD9B8 /* ANSFriendListView.h */ = {isa = PBXFileReference; fileEncoding = 4; lastKnownFileType = sourcecode.c.h; path = ANSFriendListView.h; sourceTree = "<group>"; };
		9302D7CC1D991DA8003CD9B8 /* ANSFriendListView.m */ = {isa = PBXFileReference; fileEncoding = 4; lastKnownFileType = sourcecode.c.objc; path = ANSFriendListView.m; sourceTree = "<group>"; };
		9302D7CD1D991DA8003CD9B8 /* ANSFriendListViewController.h */ = {isa = PBXFileReference; fileEncoding = 4; lastKnownFileType = sourcecode.c.h; path = ANSFriendListViewController.h; sourceTree = "<group>"; };
		9302D7CE1D991DA8003CD9B8 /* ANSFriendListViewController.m */ = {isa = PBXFileReference; fileEncoding = 4; lastKnownFileType = sourcecode.c.objc; path = ANSFriendListViewController.m; sourceTree = "<group>"; };
		9302D7CF1D991DA8003CD9B8 /* ANSFriendListViewController.xib */ = {isa = PBXFileReference; fileEncoding = 4; lastKnownFileType = file.xib; path = ANSFriendListViewController.xib; sourceTree = "<group>"; };
		9302D7D11D991DA8003CD9B8 /* ANSUserCell.h */ = {isa = PBXFileReference; fileEncoding = 4; lastKnownFileType = sourcecode.c.h; path = ANSUserCell.h; sourceTree = "<group>"; };
		9302D7D21D991DA8003CD9B8 /* ANSUserCell.m */ = {isa = PBXFileReference; fileEncoding = 4; lastKnownFileType = sourcecode.c.objc; path = ANSUserCell.m; sourceTree = "<group>"; };
		9302D7D31D991DA8003CD9B8 /* ANSUserCell.xib */ = {isa = PBXFileReference; fileEncoding = 4; lastKnownFileType = file.xib; path = ANSUserCell.xib; sourceTree = "<group>"; };
		9302D7DF1D992415003CD9B8 /* ANSUserDetailsViewController.h */ = {isa = PBXFileReference; fileEncoding = 4; lastKnownFileType = sourcecode.c.h; path = ANSUserDetailsViewController.h; sourceTree = "<group>"; };
		9302D7E01D992415003CD9B8 /* ANSUserDetailsViewController.m */ = {isa = PBXFileReference; fileEncoding = 4; lastKnownFileType = sourcecode.c.objc; path = ANSUserDetailsViewController.m; sourceTree = "<group>"; };
		9302D7E11D992415003CD9B8 /* ANSUserDetailsViewController.xib */ = {isa = PBXFileReference; fileEncoding = 4; lastKnownFileType = file.xib; path = ANSUserDetailsViewController.xib; sourceTree = "<group>"; };
		9302D7E41D992446003CD9B8 /* ANSUserDetailsView.h */ = {isa = PBXFileReference; fileEncoding = 4; lastKnownFileType = sourcecode.c.h; path = ANSUserDetailsView.h; sourceTree = "<group>"; };
		9302D7E51D992446003CD9B8 /* ANSUserDetailsView.m */ = {isa = PBXFileReference; fileEncoding = 4; lastKnownFileType = sourcecode.c.objc; path = ANSUserDetailsView.m; sourceTree = "<group>"; };
		9302D7E81D9924BB003CD9B8 /* ANSLoginView.h */ = {isa = PBXFileReference; fileEncoding = 4; lastKnownFileType = sourcecode.c.h; path = ANSLoginView.h; sourceTree = "<group>"; };
		9302D7E91D9924BB003CD9B8 /* ANSLoginView.m */ = {isa = PBXFileReference; fileEncoding = 4; lastKnownFileType = sourcecode.c.objc; path = ANSLoginView.m; sourceTree = "<group>"; };
		9302D7EA1D9924BB003CD9B8 /* ANSLoginViewController.h */ = {isa = PBXFileReference; fileEncoding = 4; lastKnownFileType = sourcecode.c.h; path = ANSLoginViewController.h; sourceTree = "<group>"; };
		9302D7EB1D9924BB003CD9B8 /* ANSLoginViewController.m */ = {isa = PBXFileReference; fileEncoding = 4; lastKnownFileType = sourcecode.c.objc; path = ANSLoginViewController.m; sourceTree = "<group>"; };
		9302D7EC1D9924BB003CD9B8 /* ANSLoginViewController.xib */ = {isa = PBXFileReference; fileEncoding = 4; lastKnownFileType = file.xib; path = ANSLoginViewController.xib; sourceTree = "<group>"; };
		9315EA711D93EC4D0053D21D /* ANSFBFriends.h */ = {isa = PBXFileReference; fileEncoding = 4; lastKnownFileType = sourcecode.c.h; name = ANSFBFriends.h; path = ANSFacebookFriends/ANSFBFriends.h; sourceTree = "<group>"; };
		9315EA721D93EC4D0053D21D /* ANSFBFriends.m */ = {isa = PBXFileReference; fileEncoding = 4; lastKnownFileType = sourcecode.c.objc; name = ANSFBFriends.m; path = ANSFacebookFriends/ANSFBFriends.m; sourceTree = "<group>"; };
		9315EA911D955DAB0053D21D /* ANSUserDetailsContext.h */ = {isa = PBXFileReference; fileEncoding = 4; lastKnownFileType = sourcecode.c.h; path = ANSUserDetailsContext.h; sourceTree = "<group>"; };
		9315EA921D955DAB0053D21D /* ANSUserDetailsContext.m */ = {isa = PBXFileReference; fileEncoding = 4; lastKnownFileType = sourcecode.c.objc; path = ANSUserDetailsContext.m; sourceTree = "<group>"; };
		934DB0F11DA7D77E00588924 /* ANSUser.h */ = {isa = PBXFileReference; fileEncoding = 4; lastKnownFileType = sourcecode.c.h; path = ANSUser.h; sourceTree = "<group>"; };
		934DB0F21DA7D77E00588924 /* ANSUser.m */ = {isa = PBXFileReference; fileEncoding = 4; lastKnownFileType = sourcecode.c.objc; path = ANSUser.m; sourceTree = "<group>"; };
		934DB0F41DA97C6C00588924 /* ANSObservableObjectPtotocol.h */ = {isa = PBXFileReference; fileEncoding = 4; lastKnownFileType = sourcecode.c.h; path = ANSObservableObjectPtotocol.h; sourceTree = "<group>"; };
		934DB0F61DA9B8C200588924 /* ANSNameFilterModel.h */ = {isa = PBXFileReference; fileEncoding = 4; lastKnownFileType = sourcecode.c.h; path = ANSNameFilterModel.h; sourceTree = "<group>"; };
		934DB0F71DA9B8C200588924 /* ANSNameFilterModel.m */ = {isa = PBXFileReference; fileEncoding = 4; lastKnownFileType = sourcecode.c.objc; path = ANSNameFilterModel.m; sourceTree = "<group>"; };
		934DB0F91DA9BC1C00588924 /* ANSFBUser.h */ = {isa = PBXFileReference; lastKnownFileType = sourcecode.c.h; path = ANSFBUser.h; sourceTree = "<group>"; };
		934DB0FA1DA9BC1C00588924 /* ANSFBUser.m */ = {isa = PBXFileReference; lastKnownFileType = sourcecode.c.objc; path = ANSFBUser.m; sourceTree = "<group>"; };
		935E5A0A1D6F4CA5005F6285 /* aaa.plist */ = {isa = PBXFileReference; fileEncoding = 4; lastKnownFileType = text.plist.xml; path = aaa.plist; sourceTree = "<group>"; };
		9382A6451DA5345E007E8D36 /* NSManagedObjectContext+Extension.h */ = {isa = PBXFileReference; fileEncoding = 4; lastKnownFileType = sourcecode.c.h; path = "NSManagedObjectContext+Extension.h"; sourceTree = "<group>"; };
		9382A6461DA5345E007E8D36 /* NSManagedObjectContext+Extension.m */ = {isa = PBXFileReference; fileEncoding = 4; lastKnownFileType = sourcecode.c.objc; path = "NSManagedObjectContext+Extension.m"; sourceTree = "<group>"; };
		9382A78C1DA665DA007E8D36 /* libFBSDKCoreKit.a */ = {isa = PBXFileReference; lastKnownFileType = archive.ar; name = libFBSDKCoreKit.a; path = "../../Library/Developer/Xcode/DerivedData/Objective-C_UI_Project-csuvmcebvstihrbfyefxwsnffknc/Build/Products/Debug-iphonesimulator/FBSDKCoreKit/libFBSDKCoreKit.a"; sourceTree = "<group>"; };
		9382A78D1DA665DA007E8D36 /* libFBSDKLoginKit.a */ = {isa = PBXFileReference; lastKnownFileType = archive.ar; name = libFBSDKLoginKit.a; path = "../../Library/Developer/Xcode/DerivedData/Objective-C_UI_Project-csuvmcebvstihrbfyefxwsnffknc/Build/Products/Debug-iphonesimulator/FBSDKLoginKit/libFBSDKLoginKit.a"; sourceTree = "<group>"; };
		9382A78E1DA665DA007E8D36 /* libFBSDKShareKit.a */ = {isa = PBXFileReference; lastKnownFileType = archive.ar; name = libFBSDKShareKit.a; path = "../../Library/Developer/Xcode/DerivedData/Objective-C_UI_Project-csuvmcebvstihrbfyefxwsnffknc/Build/Products/Debug-iphonesimulator/FBSDKShareKit/libFBSDKShareKit.a"; sourceTree = "<group>"; };
		9382A78F1DA665DA007E8D36 /* libKiwi.a */ = {isa = PBXFileReference; lastKnownFileType = archive.ar; name = libKiwi.a; path = "Pods/../build/Debug-iphoneos/Kiwi/libKiwi.a"; sourceTree = "<group>"; };
		9382A7AD1DA67FEF007E8D36 /* ANSUsersMom.xcdatamodel */ = {isa = PBXFileReference; lastKnownFileType = wrapper.xcdatamodel; path = ANSUsersMom.xcdatamodel; sourceTree = "<group>"; };
		93A41AED1DA3E6F6005FA99A /* ANSCoreDataManager.h */ = {isa = PBXFileReference; fileEncoding = 4; lastKnownFileType = sourcecode.c.h; path = ANSCoreDataManager.h; sourceTree = "<group>"; };
		93A41AEE1DA3E6F6005FA99A /* ANSCoreDataManager.m */ = {isa = PBXFileReference; fileEncoding = 4; lastKnownFileType = sourcecode.c.objc; path = ANSCoreDataManager.m; sourceTree = "<group>"; };
		93C084071D3E367F0077A81C /* Objective-C UI Project.app */ = {isa = PBXFileReference; explicitFileType = wrapper.application; includeInIndex = 0; path = "Objective-C UI Project.app"; sourceTree = BUILT_PRODUCTS_DIR; };
		93C084201D3E36800077A81C /* Objective-C UI ProjectUITests.xctest */ = {isa = PBXFileReference; explicitFileType = wrapper.cfbundle; includeInIndex = 0; path = "Objective-C UI ProjectUITests.xctest"; sourceTree = BUILT_PRODUCTS_DIR; };
		93C084261D3E36800077A81C /* Info.plist */ = {isa = PBXFileReference; lastKnownFileType = text.plist.xml; path = Info.plist; sourceTree = "<group>"; };
		93C0842F1D3E36B20077A81C /* iOS Study Plan.txt */ = {isa = PBXFileReference; fileEncoding = 4; lastKnownFileType = text; name = "iOS Study Plan.txt"; path = "../iOS Study Plan.txt"; sourceTree = "<group>"; };
		93C084311D3E380D0077A81C /* ANSAppDelegate.h */ = {isa = PBXFileReference; fileEncoding = 4; lastKnownFileType = sourcecode.c.h; path = ANSAppDelegate.h; sourceTree = "<group>"; };
		93C084321D3E380D0077A81C /* ANSAppDelegate.m */ = {isa = PBXFileReference; fileEncoding = 4; lastKnownFileType = sourcecode.c.objc; lineEnding = 0; path = ANSAppDelegate.m; sourceTree = "<group>"; xcLanguageSpecificationIdentifier = xcode.lang.objc; };
		93C084331D3E380D0077A81C /* Info.plist */ = {isa = PBXFileReference; fileEncoding = 4; lastKnownFileType = text.plist.xml; path = Info.plist; sourceTree = "<group>"; };
		93C084341D3E380D0077A81C /* main.m */ = {isa = PBXFileReference; fileEncoding = 4; lastKnownFileType = sourcecode.c.objc; path = main.m; sourceTree = "<group>"; };
		93C084391D3E381F0077A81C /* Assets.xcassets */ = {isa = PBXFileReference; lastKnownFileType = folder.assetcatalog; path = Assets.xcassets; sourceTree = "<group>"; };
		93C0843B1D3E381F0077A81C /* Base */ = {isa = PBXFileReference; lastKnownFileType = file.storyboard; name = Base; path = Base.lproj/LaunchScreen.storyboard; sourceTree = "<group>"; };
		93CF63311D97F93700FFFFF4 /* ANSLoginContext.h */ = {isa = PBXFileReference; fileEncoding = 4; lastKnownFileType = sourcecode.c.h; path = ANSLoginContext.h; sourceTree = "<group>"; };
		93CF63321D97F93700FFFFF4 /* ANSLoginContext.m */ = {isa = PBXFileReference; fileEncoding = 4; lastKnownFileType = sourcecode.c.objc; path = ANSLoginContext.m; sourceTree = "<group>"; };
		93E3E40F1DA23BCD00C2BBC1 /* ANSLoginInterection.h */ = {isa = PBXFileReference; fileEncoding = 4; lastKnownFileType = sourcecode.c.h; path = ANSLoginInterection.h; sourceTree = "<group>"; };
		93E3E4101DA23BCD00C2BBC1 /* ANSLoginInterection.m */ = {isa = PBXFileReference; fileEncoding = 4; lastKnownFileType = sourcecode.c.objc; path = ANSLoginInterection.m; sourceTree = "<group>"; };
		93E3E44B1DA3A86500C2BBC1 /* Objective-C UI Project.pch */ = {isa = PBXFileReference; fileEncoding = 4; lastKnownFileType = sourcecode.c.h; path = "Objective-C UI Project.pch"; sourceTree = "<group>"; };
		93E3E44E1DA3AC1D00C2BBC1 /* ANSGCD.h */ = {isa = PBXFileReference; fileEncoding = 4; lastKnownFileType = sourcecode.c.h; path = ANSGCD.h; sourceTree = "<group>"; };
		93E3E44F1DA3AC1D00C2BBC1 /* ANSGCD.m */ = {isa = PBXFileReference; fileEncoding = 4; lastKnownFileType = sourcecode.c.objc; path = ANSGCD.m; sourceTree = "<group>"; };
		93E3E4511DA3AC1D00C2BBC1 /* ANSRandom.h */ = {isa = PBXFileReference; fileEncoding = 4; lastKnownFileType = sourcecode.c.h; path = ANSRandom.h; sourceTree = "<group>"; };
		93E3E4521DA3AC1D00C2BBC1 /* ANSRandom.m */ = {isa = PBXFileReference; fileEncoding = 4; lastKnownFileType = sourcecode.c.objc; path = ANSRandom.m; sourceTree = "<group>"; };
		93E3E4551DA3AC1D00C2BBC1 /* ANSImageView.h */ = {isa = PBXFileReference; fileEncoding = 4; lastKnownFileType = sourcecode.c.h; path = ANSImageView.h; sourceTree = "<group>"; };
		93E3E4561DA3AC1D00C2BBC1 /* ANSImageView.m */ = {isa = PBXFileReference; fileEncoding = 4; lastKnownFileType = sourcecode.c.objc; path = ANSImageView.m; sourceTree = "<group>"; };
		93E3E4581DA3AC1D00C2BBC1 /* ANSLoadingView.h */ = {isa = PBXFileReference; fileEncoding = 4; lastKnownFileType = sourcecode.c.h; path = ANSLoadingView.h; sourceTree = "<group>"; };
		93E3E4591DA3AC1D00C2BBC1 /* ANSLoadingView.m */ = {isa = PBXFileReference; fileEncoding = 4; lastKnownFileType = sourcecode.c.objc; path = ANSLoadingView.m; sourceTree = "<group>"; };
		93E3E45A1DA3AC1D00C2BBC1 /* ANSLoadingView.xib */ = {isa = PBXFileReference; fileEncoding = 4; lastKnownFileType = file.xib; path = ANSLoadingView.xib; sourceTree = "<group>"; };
		93E3E45C1DA3AC1D00C2BBC1 /* ANSTableViewCell.h */ = {isa = PBXFileReference; fileEncoding = 4; lastKnownFileType = sourcecode.c.h; path = ANSTableViewCell.h; sourceTree = "<group>"; };
		93E3E45D1DA3AC1D00C2BBC1 /* ANSTableViewCell.m */ = {isa = PBXFileReference; fileEncoding = 4; lastKnownFileType = sourcecode.c.objc; path = ANSTableViewCell.m; sourceTree = "<group>"; };
		93E3E45F1DA3AC1D00C2BBC1 /* ANSRootView.h */ = {isa = PBXFileReference; fileEncoding = 4; lastKnownFileType = sourcecode.c.h; path = ANSRootView.h; sourceTree = "<group>"; };
		93E3E4601DA3AC1D00C2BBC1 /* ANSRootView.m */ = {isa = PBXFileReference; fileEncoding = 4; lastKnownFileType = sourcecode.c.objc; path = ANSRootView.m; sourceTree = "<group>"; };
		93E3E4631DA3AC1D00C2BBC1 /* NSDictionary+ANSJSONRepresentation.h */ = {isa = PBXFileReference; fileEncoding = 4; lastKnownFileType = sourcecode.c.h; path = "NSDictionary+ANSJSONRepresentation.h"; sourceTree = "<group>"; };
		93E3E4641DA3AC1D00C2BBC1 /* NSDictionary+ANSJSONRepresentation.m */ = {isa = PBXFileReference; fileEncoding = 4; lastKnownFileType = sourcecode.c.objc; path = "NSDictionary+ANSJSONRepresentation.m"; sourceTree = "<group>"; };
		93E3E4661DA3AC1D00C2BBC1 /* ANSTimerPrivate.h */ = {isa = PBXFileReference; fileEncoding = 4; lastKnownFileType = sourcecode.c.h; path = ANSTimerPrivate.h; sourceTree = "<group>"; };
		93E3E4671DA3AC1D00C2BBC1 /* ANSTimerPrivate.m */ = {isa = PBXFileReference; fileEncoding = 4; lastKnownFileType = sourcecode.c.objc; path = ANSTimerPrivate.m; sourceTree = "<group>"; };
		93E3E4681DA3AC1D00C2BBC1 /* NSTimer+ANSExtension.h */ = {isa = PBXFileReference; fileEncoding = 4; lastKnownFileType = sourcecode.c.h; path = "NSTimer+ANSExtension.h"; sourceTree = "<group>"; };
		93E3E4691DA3AC1D00C2BBC1 /* NSTimer+ANSExtension.m */ = {isa = PBXFileReference; fileEncoding = 4; lastKnownFileType = sourcecode.c.objc; path = "NSTimer+ANSExtension.m"; sourceTree = "<group>"; };
		93E3E46B1DA3AC1D00C2BBC1 /* NSArray+ANSExtension.h */ = {isa = PBXFileReference; fileEncoding = 4; lastKnownFileType = sourcecode.c.h; path = "NSArray+ANSExtension.h"; sourceTree = "<group>"; };
		93E3E46C1DA3AC1D00C2BBC1 /* NSArray+ANSExtension.m */ = {isa = PBXFileReference; fileEncoding = 4; lastKnownFileType = sourcecode.c.objc; path = "NSArray+ANSExtension.m"; sourceTree = "<group>"; };
		93E3E46D1DA3AC1D00C2BBC1 /* NSArray+JSONRepresentation.h */ = {isa = PBXFileReference; fileEncoding = 4; lastKnownFileType = sourcecode.c.h; path = "NSArray+JSONRepresentation.h"; sourceTree = "<group>"; };
		93E3E46E1DA3AC1D00C2BBC1 /* NSArray+JSONRepresentation.m */ = {isa = PBXFileReference; fileEncoding = 4; lastKnownFileType = sourcecode.c.objc; path = "NSArray+JSONRepresentation.m"; sourceTree = "<group>"; };
		93E3E4701DA3AC1D00C2BBC1 /* NSBundle+ANSExtenison.h */ = {isa = PBXFileReference; fileEncoding = 4; lastKnownFileType = sourcecode.c.h; path = "NSBundle+ANSExtenison.h"; sourceTree = "<group>"; };
		93E3E4711DA3AC1D00C2BBC1 /* NSBundle+ANSExtenison.m */ = {isa = PBXFileReference; fileEncoding = 4; lastKnownFileType = sourcecode.c.objc; path = "NSBundle+ANSExtenison.m"; sourceTree = "<group>"; };
		93E3E4731DA3AC1D00C2BBC1 /* NSFileManager+ANSExtension.h */ = {isa = PBXFileReference; fileEncoding = 4; lastKnownFileType = sourcecode.c.h; path = "NSFileManager+ANSExtension.h"; sourceTree = "<group>"; };
		93E3E4741DA3AC1D00C2BBC1 /* NSFileManager+ANSExtension.m */ = {isa = PBXFileReference; fileEncoding = 4; lastKnownFileType = sourcecode.c.objc; path = "NSFileManager+ANSExtension.m"; sourceTree = "<group>"; };
		93E3E4761DA3AC1D00C2BBC1 /* NSJSONSerialization+Extension.h */ = {isa = PBXFileReference; fileEncoding = 4; lastKnownFileType = sourcecode.c.h; path = "NSJSONSerialization+Extension.h"; sourceTree = "<group>"; };
		93E3E4771DA3AC1D00C2BBC1 /* NSJSONSerialization+Extension.m */ = {isa = PBXFileReference; fileEncoding = 4; lastKnownFileType = sourcecode.c.objc; path = "NSJSONSerialization+Extension.m"; sourceTree = "<group>"; };
		93E3E4791DA3AC1D00C2BBC1 /* NSMutableArray+ANSExtension.h */ = {isa = PBXFileReference; fileEncoding = 4; lastKnownFileType = sourcecode.c.h; path = "NSMutableArray+ANSExtension.h"; sourceTree = "<group>"; };
		93E3E47A1DA3AC1D00C2BBC1 /* NSMutableArray+ANSExtension.m */ = {isa = PBXFileReference; fileEncoding = 4; lastKnownFileType = sourcecode.c.objc; path = "NSMutableArray+ANSExtension.m"; sourceTree = "<group>"; };
		93E3E47C1DA3AC1D00C2BBC1 /* NSNull+ANSJSONRepresentation.h */ = {isa = PBXFileReference; fileEncoding = 4; lastKnownFileType = sourcecode.c.h; path = "NSNull+ANSJSONRepresentation.h"; sourceTree = "<group>"; };
		93E3E47D1DA3AC1D00C2BBC1 /* NSNull+ANSJSONRepresentation.m */ = {isa = PBXFileReference; fileEncoding = 4; lastKnownFileType = sourcecode.c.objc; path = "NSNull+ANSJSONRepresentation.m"; sourceTree = "<group>"; };
		93E3E47F1DA3AC1D00C2BBC1 /* NSNumber+ANSJSONRepresentation.h */ = {isa = PBXFileReference; fileEncoding = 4; lastKnownFileType = sourcecode.c.h; path = "NSNumber+ANSJSONRepresentation.h"; sourceTree = "<group>"; };
		93E3E4801DA3AC1D00C2BBC1 /* NSNumber+ANSJSONRepresentation.m */ = {isa = PBXFileReference; fileEncoding = 4; lastKnownFileType = sourcecode.c.objc; path = "NSNumber+ANSJSONRepresentation.m"; sourceTree = "<group>"; };
		93E3E4871DA3AC1D00C2BBC1 /* NSString+ANSExtension.h */ = {isa = PBXFileReference; fileEncoding = 4; lastKnownFileType = sourcecode.c.h; path = "NSString+ANSExtension.h"; sourceTree = "<group>"; };
		93E3E4881DA3AC1D00C2BBC1 /* NSString+ANSExtension.m */ = {isa = PBXFileReference; fileEncoding = 4; lastKnownFileType = sourcecode.c.objc; path = "NSString+ANSExtension.m"; sourceTree = "<group>"; };
		93E3E4891DA3AC1D00C2BBC1 /* NSString+ANSJSONRepresentation.h */ = {isa = PBXFileReference; fileEncoding = 4; lastKnownFileType = sourcecode.c.h; path = "NSString+ANSJSONRepresentation.h"; sourceTree = "<group>"; };
		93E3E48A1DA3AC1D00C2BBC1 /* NSString+ANSJSONRepresentation.m */ = {isa = PBXFileReference; fileEncoding = 4; lastKnownFileType = sourcecode.c.objc; path = "NSString+ANSJSONRepresentation.m"; sourceTree = "<group>"; };
		93E3E4931DA3AC1D00C2BBC1 /* UIImage+ANSExtension.h */ = {isa = PBXFileReference; fileEncoding = 4; lastKnownFileType = sourcecode.c.h; path = "UIImage+ANSExtension.h"; sourceTree = "<group>"; };
		93E3E4941DA3AC1D00C2BBC1 /* UIImage+ANSExtension.m */ = {isa = PBXFileReference; fileEncoding = 4; lastKnownFileType = sourcecode.c.objc; path = "UIImage+ANSExtension.m"; sourceTree = "<group>"; };
		93E3E4961DA3AC1D00C2BBC1 /* UINib+Extension.h */ = {isa = PBXFileReference; fileEncoding = 4; lastKnownFileType = sourcecode.c.h; path = "UINib+Extension.h"; sourceTree = "<group>"; };
		93E3E4971DA3AC1D00C2BBC1 /* UINib+Extension.m */ = {isa = PBXFileReference; fileEncoding = 4; lastKnownFileType = sourcecode.c.objc; path = "UINib+Extension.m"; sourceTree = "<group>"; };
		93E3E4991DA3AC1D00C2BBC1 /* UIScreen+ANSExtension.h */ = {isa = PBXFileReference; fileEncoding = 4; lastKnownFileType = sourcecode.c.h; path = "UIScreen+ANSExtension.h"; sourceTree = "<group>"; };
		93E3E49A1DA3AC1D00C2BBC1 /* UIScreen+ANSExtension.m */ = {isa = PBXFileReference; fileEncoding = 4; lastKnownFileType = sourcecode.c.objc; path = "UIScreen+ANSExtension.m"; sourceTree = "<group>"; };
		93E3E49C1DA3AC1D00C2BBC1 /* UITableView+Extension.h */ = {isa = PBXFileReference; fileEncoding = 4; lastKnownFileType = sourcecode.c.h; path = "UITableView+Extension.h"; sourceTree = "<group>"; };
		93E3E49D1DA3AC1D00C2BBC1 /* UITableView+Extension.m */ = {isa = PBXFileReference; fileEncoding = 4; lastKnownFileType = sourcecode.c.objc; path = "UITableView+Extension.m"; sourceTree = "<group>"; };
		93E3E49F1DA3AC1D00C2BBC1 /* UIView+ANSExtension.h */ = {isa = PBXFileReference; fileEncoding = 4; lastKnownFileType = sourcecode.c.h; path = "UIView+ANSExtension.h"; sourceTree = "<group>"; };
		93E3E4A01DA3AC1D00C2BBC1 /* UIView+ANSExtension.m */ = {isa = PBXFileReference; fileEncoding = 4; lastKnownFileType = sourcecode.c.objc; path = "UIView+ANSExtension.m"; sourceTree = "<group>"; };
		93E3E4A21DA3AC1D00C2BBC1 /* UIViewController+ANSExtension.h */ = {isa = PBXFileReference; fileEncoding = 4; lastKnownFileType = sourcecode.c.h; path = "UIViewController+ANSExtension.h"; sourceTree = "<group>"; };
		93E3E4A31DA3AC1D00C2BBC1 /* UIViewController+ANSExtension.m */ = {isa = PBXFileReference; fileEncoding = 4; lastKnownFileType = sourcecode.c.objc; path = "UIViewController+ANSExtension.m"; sourceTree = "<group>"; };
		93E3E4A51DA3AC1D00C2BBC1 /* ANSMacros.h */ = {isa = PBXFileReference; fileEncoding = 4; lastKnownFileType = sourcecode.c.h; path = ANSMacros.h; sourceTree = "<group>"; };
		93E3E4DE1DA3AC1D00C2BBC1 /* ANSJSONRepresentation.h */ = {isa = PBXFileReference; fileEncoding = 4; lastKnownFileType = sourcecode.c.h; path = ANSJSONRepresentation.h; sourceTree = "<group>"; };
		93E3E5131DA3AF3100C2BBC1 /* ANSArrayModel.h */ = {isa = PBXFileReference; fileEncoding = 4; lastKnownFileType = sourcecode.c.h; path = ANSArrayModel.h; sourceTree = "<group>"; };
		93E3E5141DA3AF3100C2BBC1 /* ANSArrayModel.m */ = {isa = PBXFileReference; fileEncoding = 4; lastKnownFileType = sourcecode.c.objc; path = ANSArrayModel.m; sourceTree = "<group>"; };
		93E3E5161DA3AF3100C2BBC1 /* ANSChangeModel+UITableView.h */ = {isa = PBXFileReference; fileEncoding = 4; lastKnownFileType = sourcecode.c.h; path = "ANSChangeModel+UITableView.h"; sourceTree = "<group>"; };
		93E3E5171DA3AF3100C2BBC1 /* ANSChangeModel+UITableView.m */ = {isa = PBXFileReference; fileEncoding = 4; lastKnownFileType = sourcecode.c.objc; path = "ANSChangeModel+UITableView.m"; sourceTree = "<group>"; };
		93E3E5181DA3AF3100C2BBC1 /* ANSChangeModel.h */ = {isa = PBXFileReference; fileEncoding = 4; lastKnownFileType = sourcecode.c.h; path = ANSChangeModel.h; sourceTree = "<group>"; };
		93E3E5191DA3AF3100C2BBC1 /* ANSChangeModel.m */ = {isa = PBXFileReference; fileEncoding = 4; lastKnownFileType = sourcecode.c.objc; path = ANSChangeModel.m; sourceTree = "<group>"; };
		93E3E51B1DA3AF3100C2BBC1 /* ANSOneIndexModel.h */ = {isa = PBXFileReference; fileEncoding = 4; lastKnownFileType = sourcecode.c.h; path = ANSOneIndexModel.h; sourceTree = "<group>"; };
		93E3E51C1DA3AF3100C2BBC1 /* ANSOneIndexModel.m */ = {isa = PBXFileReference; fileEncoding = 4; lastKnownFileType = sourcecode.c.objc; path = ANSOneIndexModel.m; sourceTree = "<group>"; };
		93E3E51D1DA3AF3100C2BBC1 /* ANSRangeChangeModel.h */ = {isa = PBXFileReference; fileEncoding = 4; lastKnownFileType = sourcecode.c.h; path = ANSRangeChangeModel.h; sourceTree = "<group>"; };
		93E3E51E1DA3AF3100C2BBC1 /* ANSRangeChangeModel.m */ = {isa = PBXFileReference; fileEncoding = 4; lastKnownFileType = sourcecode.c.objc; path = ANSRangeChangeModel.m; sourceTree = "<group>"; };
		93E3E51F1DA3AF3100C2BBC1 /* ANSTwoIndexModel.h */ = {isa = PBXFileReference; fileEncoding = 4; lastKnownFileType = sourcecode.c.h; path = ANSTwoIndexModel.h; sourceTree = "<group>"; };
		93E3E5201DA3AF3100C2BBC1 /* ANSTwoIndexModel.m */ = {isa = PBXFileReference; fileEncoding = 4; lastKnownFileType = sourcecode.c.objc; path = ANSTwoIndexModel.m; sourceTree = "<group>"; };
		93E3E5221DA3AF3100C2BBC1 /* ANSOneIndexModel+UITableView.h */ = {isa = PBXFileReference; fileEncoding = 4; lastKnownFileType = sourcecode.c.h; path = "ANSOneIndexModel+UITableView.h"; sourceTree = "<group>"; };
		93E3E5231DA3AF3100C2BBC1 /* ANSOneIndexModel+UITableView.m */ = {isa = PBXFileReference; fileEncoding = 4; lastKnownFileType = sourcecode.c.objc; path = "ANSOneIndexModel+UITableView.m"; sourceTree = "<group>"; };
		93E3E5241DA3AF3100C2BBC1 /* ANSRangeChangeModel+UITableView.h */ = {isa = PBXFileReference; fileEncoding = 4; lastKnownFileType = sourcecode.c.h; path = "ANSRangeChangeModel+UITableView.h"; sourceTree = "<group>"; };
		93E3E5251DA3AF3100C2BBC1 /* ANSRangeChangeModel+UITableView.m */ = {isa = PBXFileReference; fileEncoding = 4; lastKnownFileType = sourcecode.c.objc; path = "ANSRangeChangeModel+UITableView.m"; sourceTree = "<group>"; };
		93E3E5261DA3AF3100C2BBC1 /* ANSTwoIndexModel+UITableView.h */ = {isa = PBXFileReference; fileEncoding = 4; lastKnownFileType = sourcecode.c.h; path = "ANSTwoIndexModel+UITableView.h"; sourceTree = "<group>"; };
		93E3E5271DA3AF3100C2BBC1 /* ANSTwoIndexModel+UITableView.m */ = {isa = PBXFileReference; fileEncoding = 4; lastKnownFileType = sourcecode.c.objc; path = "ANSTwoIndexModel+UITableView.m"; sourceTree = "<group>"; };
		93E3E52A1DA3AF3100C2BBC1 /* ANSCacheStorage.h */ = {isa = PBXFileReference; fileEncoding = 4; lastKnownFileType = sourcecode.c.h; path = ANSCacheStorage.h; sourceTree = "<group>"; };
		93E3E52B1DA3AF3100C2BBC1 /* ANSCacheStorage.m */ = {isa = PBXFileReference; fileEncoding = 4; lastKnownFileType = sourcecode.c.objc; path = ANSCacheStorage.m; sourceTree = "<group>"; };
		93E3E52C1DA3AF3100C2BBC1 /* ANSImageModel+ANSPrivatExtension.h */ = {isa = PBXFileReference; fileEncoding = 4; lastKnownFileType = sourcecode.c.h; path = "ANSImageModel+ANSPrivatExtension.h"; sourceTree = "<group>"; };
		93E3E52D1DA3AF3100C2BBC1 /* ANSImageModel.h */ = {isa = PBXFileReference; fileEncoding = 4; lastKnownFileType = sourcecode.c.h; path = ANSImageModel.h; sourceTree = "<group>"; };
		93E3E52E1DA3AF3100C2BBC1 /* ANSImageModel.m */ = {isa = PBXFileReference; fileEncoding = 4; lastKnownFileType = sourcecode.c.objc; path = ANSImageModel.m; sourceTree = "<group>"; };
		93E3E5301DA3AF3100C2BBC1 /* ANSInternetImageModel.h */ = {isa = PBXFileReference; fileEncoding = 4; lastKnownFileType = sourcecode.c.h; path = ANSInternetImageModel.h; sourceTree = "<group>"; };
		93E3E5311DA3AF3100C2BBC1 /* ANSInternetImageModel.m */ = {isa = PBXFileReference; fileEncoding = 4; lastKnownFileType = sourcecode.c.objc; path = ANSInternetImageModel.m; sourceTree = "<group>"; };
		93E3E5321DA3AF3100C2BBC1 /* ANSLocalImageModel.h */ = {isa = PBXFileReference; fileEncoding = 4; lastKnownFileType = sourcecode.c.h; path = ANSLocalImageModel.h; sourceTree = "<group>"; };
		93E3E5331DA3AF3100C2BBC1 /* ANSLocalImageModel.m */ = {isa = PBXFileReference; fileEncoding = 4; lastKnownFileType = sourcecode.c.objc; path = ANSLocalImageModel.m; sourceTree = "<group>"; };
		93E3E5351DA3AF3100C2BBC1 /* ANSLoadableModel.h */ = {isa = PBXFileReference; fileEncoding = 4; lastKnownFileType = sourcecode.c.h; path = ANSLoadableModel.h; sourceTree = "<group>"; };
		93E3E5361DA3AF3100C2BBC1 /* ANSLoadableModel.m */ = {isa = PBXFileReference; fileEncoding = 4; lastKnownFileType = sourcecode.c.objc; path = ANSLoadableModel.m; sourceTree = "<group>"; };
		93E3E53E1DA3AF3100C2BBC1 /* ANSObservableObject.h */ = {isa = PBXFileReference; fileEncoding = 4; lastKnownFileType = sourcecode.c.h; path = ANSObservableObject.h; sourceTree = "<group>"; };
		93E3E53F1DA3AF3100C2BBC1 /* ANSObservableObject.m */ = {isa = PBXFileReference; fileEncoding = 4; lastKnownFileType = sourcecode.c.objc; path = ANSObservableObject.m; sourceTree = "<group>"; };
		93E3E5411DA3AF3100C2BBC1 /* ANSBlockObservationController.h */ = {isa = PBXFileReference; fileEncoding = 4; lastKnownFileType = sourcecode.c.h; path = ANSBlockObservationController.h; sourceTree = "<group>"; };
		93E3E5421DA3AF3100C2BBC1 /* ANSBlockObservationController.m */ = {isa = PBXFileReference; fileEncoding = 4; lastKnownFileType = sourcecode.c.objc; path = ANSBlockObservationController.m; sourceTree = "<group>"; };
		93E3E5431DA3AF3100C2BBC1 /* ANSObservationController.h */ = {isa = PBXFileReference; fileEncoding = 4; lastKnownFileType = sourcecode.c.h; path = ANSObservationController.h; sourceTree = "<group>"; };
		93E3E5441DA3AF3100C2BBC1 /* ANSObservationController.m */ = {isa = PBXFileReference; fileEncoding = 4; lastKnownFileType = sourcecode.c.objc; path = ANSObservationController.m; sourceTree = "<group>"; };
		93E3E5451DA3AF3100C2BBC1 /* ANSProtocolObservationController.h */ = {isa = PBXFileReference; fileEncoding = 4; lastKnownFileType = sourcecode.c.h; path = ANSProtocolObservationController.h; sourceTree = "<group>"; };
		93E3E5461DA3AF3100C2BBC1 /* ANSProtocolObservationController.m */ = {isa = PBXFileReference; fileEncoding = 4; lastKnownFileType = sourcecode.c.objc; path = ANSProtocolObservationController.m; sourceTree = "<group>"; };
		93E3E5481DA3AF3100C2BBC1 /* ANSObservableObject+ANSPrivate.h */ = {isa = PBXFileReference; fileEncoding = 4; lastKnownFileType = sourcecode.c.h; path = "ANSObservableObject+ANSPrivate.h"; sourceTree = "<group>"; };
		93E3E5491DA3AF3100C2BBC1 /* ANSObservationController+ANSPrivate.h */ = {isa = PBXFileReference; fileEncoding = 4; lastKnownFileType = sourcecode.c.h; path = "ANSObservationController+ANSPrivate.h"; sourceTree = "<group>"; };
		93E3E54B1DA3AF3100C2BBC1 /* ANSQueue.h */ = {isa = PBXFileReference; fileEncoding = 4; lastKnownFileType = sourcecode.c.h; path = ANSQueue.h; sourceTree = "<group>"; };
		93E3E54C1DA3AF3100C2BBC1 /* ANSQueue.m */ = {isa = PBXFileReference; fileEncoding = 4; lastKnownFileType = sourcecode.c.objc; path = ANSQueue.m; sourceTree = "<group>"; };
		93E3E56F1DA3D68600C2BBC1 /* CoreData.framework */ = {isa = PBXFileReference; lastKnownFileType = wrapper.framework; name = CoreData.framework; path = System/Library/Frameworks/CoreData.framework; sourceTree = SDKROOT; };
		93E3E5741DA3D9AC00C2BBC1 /* NSManagedObject+ANSExtension.h */ = {isa = PBXFileReference; fileEncoding = 4; lastKnownFileType = sourcecode.c.h; path = "NSManagedObject+ANSExtension.h"; sourceTree = "<group>"; };
		93E3E5751DA3D9AC00C2BBC1 /* NSManagedObject+ANSExtension.m */ = {isa = PBXFileReference; fileEncoding = 4; lastKnownFileType = sourcecode.c.objc; path = "NSManagedObject+ANSExtension.m"; sourceTree = "<group>"; };
		B5E0F054CF32267BB37C7D7E /* Pods-Objective-C UI ProjectUITests.release.xcconfig */ = {isa = PBXFileReference; includeInIndex = 1; lastKnownFileType = text.xcconfig; name = "Pods-Objective-C UI ProjectUITests.release.xcconfig"; path = "Pods/Target Support Files/Pods-Objective-C UI ProjectUITests/Pods-Objective-C UI ProjectUITests.release.xcconfig"; sourceTree = "<group>"; };
		EB09091B1A7DD91BDD1FAAC0 /* Pods-Objective-C UI Project.debug.xcconfig */ = {isa = PBXFileReference; includeInIndex = 1; lastKnownFileType = text.xcconfig; name = "Pods-Objective-C UI Project.debug.xcconfig"; path = "Pods/Target Support Files/Pods-Objective-C UI Project/Pods-Objective-C UI Project.debug.xcconfig"; sourceTree = "<group>"; };
		F28C68C0A3FCC8C7F0409676 /* Pods-Objective-C UI ProjectUITests.debug.xcconfig */ = {isa = PBXFileReference; includeInIndex = 1; lastKnownFileType = text.xcconfig; name = "Pods-Objective-C UI ProjectUITests.debug.xcconfig"; path = "Pods/Target Support Files/Pods-Objective-C UI ProjectUITests/Pods-Objective-C UI ProjectUITests.debug.xcconfig"; sourceTree = "<group>"; };
		F7BCDFACA2E5EC506E9A6D52 /* libPods-Objective-C UI ProjectUITests.a */ = {isa = PBXFileReference; explicitFileType = archive.ar; includeInIndex = 0; path = "libPods-Objective-C UI ProjectUITests.a"; sourceTree = BUILT_PRODUCTS_DIR; };
/* End PBXFileReference section */

/* Begin PBXFrameworksBuildPhase section */
		93C084041D3E367F0077A81C /* Frameworks */ = {
			isa = PBXFrameworksBuildPhase;
			buildActionMask = 2147483647;
			files = (
				9382A7901DA665DA007E8D36 /* libFBSDKCoreKit.a in Frameworks */,
				9382A7911DA665DA007E8D36 /* libFBSDKLoginKit.a in Frameworks */,
				9382A7921DA665DA007E8D36 /* libFBSDKShareKit.a in Frameworks */,
				93E3E5701DA3D68600C2BBC1 /* CoreData.framework in Frameworks */,
				97A0640B62966C033765C16A /* libPods-Objective-C UI Project.a in Frameworks */,
			);
			runOnlyForDeploymentPostprocessing = 0;
		};
		93C0841D1D3E36800077A81C /* Frameworks */ = {
			isa = PBXFrameworksBuildPhase;
			buildActionMask = 2147483647;
			files = (
				68B8C5255C5CA45C5CE21FFF /* libPods-Objective-C UI ProjectUITests.a in Frameworks */,
			);
			runOnlyForDeploymentPostprocessing = 0;
		};
/* End PBXFrameworksBuildPhase section */

/* Begin PBXGroup section */
		4DADEA539AD2A963E50E40F2 /* Frameworks */ = {
			isa = PBXGroup;
			children = (
				9382A78C1DA665DA007E8D36 /* libFBSDKCoreKit.a */,
				9382A78D1DA665DA007E8D36 /* libFBSDKLoginKit.a */,
				9382A78E1DA665DA007E8D36 /* libFBSDKShareKit.a */,
				9382A78F1DA665DA007E8D36 /* libKiwi.a */,
				93E3E56F1DA3D68600C2BBC1 /* CoreData.framework */,
				265D70E37B37D668A7DF03E7 /* libPods-Objective-C UI Project.a */,
				F7BCDFACA2E5EC506E9A6D52 /* libPods-Objective-C UI ProjectUITests.a */,
			);
			name = Frameworks;
			sourceTree = "<group>";
		};
		4E48BA7DF8283C8199047031 /* Pods */ = {
			isa = PBXGroup;
			children = (
				F28C68C0A3FCC8C7F0409676 /* Pods-Objective-C UI ProjectUITests.debug.xcconfig */,
				B5E0F054CF32267BB37C7D7E /* Pods-Objective-C UI ProjectUITests.release.xcconfig */,
				EB09091B1A7DD91BDD1FAAC0 /* Pods-Objective-C UI Project.debug.xcconfig */,
				486FD201570D96C7BDB4C317 /* Pods-Objective-C UI Project.release.xcconfig */,
			);
			name = Pods;
			sourceTree = "<group>";
		};
		9302D7B91D98130E003CD9B8 /* ANSLoginContext */ = {
			isa = PBXGroup;
			children = (
				93CF63311D97F93700FFFFF4 /* ANSLoginContext.h */,
				93CF63321D97F93700FFFFF4 /* ANSLoginContext.m */,
				93E3E40F1DA23BCD00C2BBC1 /* ANSLoginInterection.h */,
				93E3E4101DA23BCD00C2BBC1 /* ANSLoginInterection.m */,
			);
			name = ANSLoginContext;
			sourceTree = "<group>";
		};
		9302D7BA1D98132A003CD9B8 /* ANSFBUserDetailsContext */ = {
			isa = PBXGroup;
			children = (
				9315EA911D955DAB0053D21D /* ANSUserDetailsContext.h */,
				9315EA921D955DAB0053D21D /* ANSUserDetailsContext.m */,
			);
			name = ANSFBUserDetailsContext;
			sourceTree = "<group>";
		};
		9302D7BE1D98138E003CD9B8 /* ANSFBFriendsContext */ = {
			isa = PBXGroup;
			children = (
				9302D7BB1D981385003CD9B8 /* ANSFriendsContext.h */,
				9302D7BC1D981385003CD9B8 /* ANSFriendsContext.m */,
			);
			name = ANSFBFriendsContext;
			sourceTree = "<group>";
		};
		9302D7C01D991249003CD9B8 /* ANSFBContext */ = {
			isa = PBXGroup;
			children = (
				9302D7C71D991440003CD9B8 /* ANSFBConstatns.h */,
				9302D7C81D991440003CD9B8 /* ANSFBConstatns.m */,
				9302D7C11D991249003CD9B8 /* ANSFBContext.h */,
				9302D7C21D991249003CD9B8 /* ANSFBContext.m */,
			);
			name = ANSFBContext;
			path = Source/FifthTask/Models/ANSContextModel;
			sourceTree = SOURCE_ROOT;
		};
		9302D7CA1D991DA8003CD9B8 /* ANSFriendListViewController */ = {
			isa = PBXGroup;
			children = (
				9302D7CD1D991DA8003CD9B8 /* ANSFriendListViewController.h */,
				9302D7CE1D991DA8003CD9B8 /* ANSFriendListViewController.m */,
				9302D7CF1D991DA8003CD9B8 /* ANSFriendListViewController.xib */,
				9302D7CB1D991DA8003CD9B8 /* ANSFriendListView.h */,
				9302D7CC1D991DA8003CD9B8 /* ANSFriendListView.m */,
				9302D7D01D991DA8003CD9B8 /* ANSUserCell */,
			);
			path = ANSFriendListViewController;
			sourceTree = "<group>";
		};
		9302D7D01D991DA8003CD9B8 /* ANSUserCell */ = {
			isa = PBXGroup;
			children = (
				9302D7D11D991DA8003CD9B8 /* ANSUserCell.h */,
				9302D7D21D991DA8003CD9B8 /* ANSUserCell.m */,
				9302D7D31D991DA8003CD9B8 /* ANSUserCell.xib */,
			);
			path = ANSUserCell;
			sourceTree = "<group>";
		};
		9302D7DE1D992415003CD9B8 /* ANSUserDetailsViewController */ = {
			isa = PBXGroup;
			children = (
				9302D7DF1D992415003CD9B8 /* ANSUserDetailsViewController.h */,
				9302D7E01D992415003CD9B8 /* ANSUserDetailsViewController.m */,
				9302D7E11D992415003CD9B8 /* ANSUserDetailsViewController.xib */,
				9302D7E41D992446003CD9B8 /* ANSUserDetailsView.h */,
				9302D7E51D992446003CD9B8 /* ANSUserDetailsView.m */,
			);
			path = ANSUserDetailsViewController;
			sourceTree = "<group>";
		};
		9302D7E71D9924BB003CD9B8 /* ANSLoginViewController */ = {
			isa = PBXGroup;
			children = (
				9302D7EA1D9924BB003CD9B8 /* ANSLoginViewController.h */,
				9302D7EB1D9924BB003CD9B8 /* ANSLoginViewController.m */,
				9302D7EC1D9924BB003CD9B8 /* ANSLoginViewController.xib */,
				9302D7E81D9924BB003CD9B8 /* ANSLoginView.h */,
				9302D7E91D9924BB003CD9B8 /* ANSLoginView.m */,
			);
			path = ANSLoginViewController;
			sourceTree = "<group>";
		};
		9315EA691D92D7490053D21D /* ANSFaceBookUser */ = {
			isa = PBXGroup;
			children = (
				934DB0F91DA9BC1C00588924 /* ANSFBUser.h */,
				934DB0FA1DA9BC1C00588924 /* ANSFBUser.m */,
				934DB0F11DA7D77E00588924 /* ANSUser.h */,
				934DB0F21DA7D77E00588924 /* ANSUser.m */,
			);
			name = ANSFaceBookUser;
			path = FaceBookUsers;
			sourceTree = "<group>";
		};
		9315EA741D93EC5D0053D21D /* ANSFaceBookFriends */ = {
			isa = PBXGroup;
			children = (
				9315EA711D93EC4D0053D21D /* ANSFBFriends.h */,
				9315EA721D93EC4D0053D21D /* ANSFBFriends.m */,
				934DB0F51DA9B8C200588924 /* nameFilterModel */,
			);
			name = ANSFaceBookFriends;
			sourceTree = "<group>";
		};
		9315EA901D955DAB0053D21D /* ANSContexts */ = {
			isa = PBXGroup;
			children = (
				9302D7C01D991249003CD9B8 /* ANSFBContext */,
				9302D7B91D98130E003CD9B8 /* ANSLoginContext */,
				9302D7BE1D98138E003CD9B8 /* ANSFBFriendsContext */,
				9302D7BA1D98132A003CD9B8 /* ANSFBUserDetailsContext */,
			);
			name = ANSContexts;
			path = FaceBookUsers/ANSContexts;
			sourceTree = "<group>";
		};
		934DB0F51DA9B8C200588924 /* nameFilterModel */ = {
			isa = PBXGroup;
			children = (
				934DB0F61DA9B8C200588924 /* ANSNameFilterModel.h */,
				934DB0F71DA9B8C200588924 /* ANSNameFilterModel.m */,
			);
			path = nameFilterModel;
			sourceTree = "<group>";
		};
		93C083FE1D3E367F0077A81C = {
			isa = PBXGroup;
			children = (
				93C0842F1D3E36B20077A81C /* iOS Study Plan.txt */,
				93E3E44C1DA3AC1D00C2BBC1 /* Library */,
				93C5A5311D3E3AE9002FBCA8 /* Source */,
				93C084381D3E381F0077A81C /* Resources */,
				93C084091D3E367F0077A81C /* Objective-C UI Project */,
				93C084231D3E36800077A81C /* Objective-C UI ProjectUITests */,
				93C084081D3E367F0077A81C /* Products */,
				4E48BA7DF8283C8199047031 /* Pods */,
				4DADEA539AD2A963E50E40F2 /* Frameworks */,
			);
			sourceTree = "<group>";
		};
		93C084081D3E367F0077A81C /* Products */ = {
			isa = PBXGroup;
			children = (
				93C084071D3E367F0077A81C /* Objective-C UI Project.app */,
				93C084201D3E36800077A81C /* Objective-C UI ProjectUITests.xctest */,
			);
			name = Products;
			sourceTree = "<group>";
		};
		93C084091D3E367F0077A81C /* Objective-C UI Project */ = {
			isa = PBXGroup;
			children = (
				9382A7AC1DA67FEF007E8D36 /* ANSUsersMom.xcdatamodeld */,
				93C084311D3E380D0077A81C /* ANSAppDelegate.h */,
				93C084321D3E380D0077A81C /* ANSAppDelegate.m */,
				93C084331D3E380D0077A81C /* Info.plist */,
				93C084341D3E380D0077A81C /* main.m */,
				93E3E44B1DA3A86500C2BBC1 /* Objective-C UI Project.pch */,
			);
			path = "Objective-C UI Project";
			sourceTree = "<group>";
		};
		93C084231D3E36800077A81C /* Objective-C UI ProjectUITests */ = {
			isa = PBXGroup;
			children = (
				93C084261D3E36800077A81C /* Info.plist */,
			);
			path = "Objective-C UI ProjectUITests";
			sourceTree = "<group>";
		};
		93C084381D3E381F0077A81C /* Resources */ = {
			isa = PBXGroup;
			children = (
				93C0843A1D3E381F0077A81C /* LaunchScreen.storyboard */,
				93C084391D3E381F0077A81C /* Assets.xcassets */,
				935E5A0A1D6F4CA5005F6285 /* aaa.plist */,
			);
			path = Resources;
			sourceTree = "<group>";
		};
		93C5A5311D3E3AE9002FBCA8 /* Source */ = {
			isa = PBXGroup;
			children = (
				93E994A81D9089CA00DCCE1B /* FifthTask */,
			);
			path = Source;
			sourceTree = "<group>";
		};
		93E3E44C1DA3AC1D00C2BBC1 /* Library */ = {
			isa = PBXGroup;
			children = (
				93E3E4611DA3AC1D00C2BBC1 /* Extensions */,
				93E3E4DD1DA3AC1D00C2BBC1 /* Protocols */,
				93E3E4531DA3AC1D00C2BBC1 /* CustomViews */,
				93E3E5111DA3AF3100C2BBC1 /* Models */,
				93E3E4501DA3AC1D00C2BBC1 /* ANSRandom */,
				93E3E56E1DA3D55D00C2BBC1 /* Core Data */,
				93E3E44D1DA3AC1D00C2BBC1 /* ANSGCD */,
				93E3E4A41DA3AC1D00C2BBC1 /* Macroses */,
			);
			path = Library;
			sourceTree = "<group>";
		};
		93E3E44D1DA3AC1D00C2BBC1 /* ANSGCD */ = {
			isa = PBXGroup;
			children = (
				93E3E44E1DA3AC1D00C2BBC1 /* ANSGCD.h */,
				93E3E44F1DA3AC1D00C2BBC1 /* ANSGCD.m */,
			);
			path = ANSGCD;
			sourceTree = "<group>";
		};
		93E3E4501DA3AC1D00C2BBC1 /* ANSRandom */ = {
			isa = PBXGroup;
			children = (
				93E3E4511DA3AC1D00C2BBC1 /* ANSRandom.h */,
				93E3E4521DA3AC1D00C2BBC1 /* ANSRandom.m */,
			);
			path = ANSRandom;
			sourceTree = "<group>";
		};
		93E3E4531DA3AC1D00C2BBC1 /* CustomViews */ = {
			isa = PBXGroup;
			children = (
				93E3E4541DA3AC1D00C2BBC1 /* ANSImageView */,
				93E3E4571DA3AC1D00C2BBC1 /* ANSLoadingView */,
				93E3E45B1DA3AC1D00C2BBC1 /* ANSTableViewCell */,
				93E3E45E1DA3AC1D00C2BBC1 /* ASNRootView */,
			);
			path = CustomViews;
			sourceTree = "<group>";
		};
		93E3E4541DA3AC1D00C2BBC1 /* ANSImageView */ = {
			isa = PBXGroup;
			children = (
				93E3E4551DA3AC1D00C2BBC1 /* ANSImageView.h */,
				93E3E4561DA3AC1D00C2BBC1 /* ANSImageView.m */,
			);
			path = ANSImageView;
			sourceTree = "<group>";
		};
		93E3E4571DA3AC1D00C2BBC1 /* ANSLoadingView */ = {
			isa = PBXGroup;
			children = (
				93E3E4581DA3AC1D00C2BBC1 /* ANSLoadingView.h */,
				93E3E4591DA3AC1D00C2BBC1 /* ANSLoadingView.m */,
				93E3E45A1DA3AC1D00C2BBC1 /* ANSLoadingView.xib */,
			);
			path = ANSLoadingView;
			sourceTree = "<group>";
		};
		93E3E45B1DA3AC1D00C2BBC1 /* ANSTableViewCell */ = {
			isa = PBXGroup;
			children = (
				93E3E45C1DA3AC1D00C2BBC1 /* ANSTableViewCell.h */,
				93E3E45D1DA3AC1D00C2BBC1 /* ANSTableViewCell.m */,
			);
			path = ANSTableViewCell;
			sourceTree = "<group>";
		};
		93E3E45E1DA3AC1D00C2BBC1 /* ASNRootView */ = {
			isa = PBXGroup;
			children = (
				93E3E45F1DA3AC1D00C2BBC1 /* ANSRootView.h */,
				93E3E4601DA3AC1D00C2BBC1 /* ANSRootView.m */,
			);
			path = ASNRootView;
			sourceTree = "<group>";
		};
		93E3E4611DA3AC1D00C2BBC1 /* Extensions */ = {
			isa = PBXGroup;
			children = (
				93E3E4621DA3AC1D00C2BBC1 /* ANSMutableDictionary */,
				93E3E4651DA3AC1D00C2BBC1 /* ANSTimer */,
				93E3E46A1DA3AC1D00C2BBC1 /* NSArray */,
				93E3E46F1DA3AC1D00C2BBC1 /* NSBundle */,
				93E3E4721DA3AC1D00C2BBC1 /* NSFileManager */,
				93E3E4751DA3AC1D00C2BBC1 /* NSJSONSerialization */,
				93E3E4781DA3AC1D00C2BBC1 /* NSMutableArray */,
				93E3E47B1DA3AC1D00C2BBC1 /* NSNull */,
				93E3E47E1DA3AC1D00C2BBC1 /* NSNumber */,
				93E3E4841DA3AC1D00C2BBC1 /* NSString */,
				93E3E4921DA3AC1D00C2BBC1 /* UIImage */,
				93E3E4951DA3AC1D00C2BBC1 /* UINib */,
				93E3E4981DA3AC1D00C2BBC1 /* UIScreen */,
				93E3E49B1DA3AC1D00C2BBC1 /* UITableView */,
				93E3E49E1DA3AC1D00C2BBC1 /* UIView */,
				93E3E4A11DA3AC1D00C2BBC1 /* UIViewController */,
			);
			path = Extensions;
			sourceTree = "<group>";
		};
		93E3E4621DA3AC1D00C2BBC1 /* ANSMutableDictionary */ = {
			isa = PBXGroup;
			children = (
				93E3E4631DA3AC1D00C2BBC1 /* NSDictionary+ANSJSONRepresentation.h */,
				93E3E4641DA3AC1D00C2BBC1 /* NSDictionary+ANSJSONRepresentation.m */,
			);
			path = ANSMutableDictionary;
			sourceTree = "<group>";
		};
		93E3E4651DA3AC1D00C2BBC1 /* ANSTimer */ = {
			isa = PBXGroup;
			children = (
				93E3E4661DA3AC1D00C2BBC1 /* ANSTimerPrivate.h */,
				93E3E4671DA3AC1D00C2BBC1 /* ANSTimerPrivate.m */,
				93E3E4681DA3AC1D00C2BBC1 /* NSTimer+ANSExtension.h */,
				93E3E4691DA3AC1D00C2BBC1 /* NSTimer+ANSExtension.m */,
			);
			path = ANSTimer;
			sourceTree = "<group>";
		};
		93E3E46A1DA3AC1D00C2BBC1 /* NSArray */ = {
			isa = PBXGroup;
			children = (
				93E3E46B1DA3AC1D00C2BBC1 /* NSArray+ANSExtension.h */,
				93E3E46C1DA3AC1D00C2BBC1 /* NSArray+ANSExtension.m */,
				93E3E46D1DA3AC1D00C2BBC1 /* NSArray+JSONRepresentation.h */,
				93E3E46E1DA3AC1D00C2BBC1 /* NSArray+JSONRepresentation.m */,
			);
			path = NSArray;
			sourceTree = "<group>";
		};
		93E3E46F1DA3AC1D00C2BBC1 /* NSBundle */ = {
			isa = PBXGroup;
			children = (
				93E3E4701DA3AC1D00C2BBC1 /* NSBundle+ANSExtenison.h */,
				93E3E4711DA3AC1D00C2BBC1 /* NSBundle+ANSExtenison.m */,
			);
			path = NSBundle;
			sourceTree = "<group>";
		};
		93E3E4721DA3AC1D00C2BBC1 /* NSFileManager */ = {
			isa = PBXGroup;
			children = (
				93E3E4731DA3AC1D00C2BBC1 /* NSFileManager+ANSExtension.h */,
				93E3E4741DA3AC1D00C2BBC1 /* NSFileManager+ANSExtension.m */,
			);
			path = NSFileManager;
			sourceTree = "<group>";
		};
		93E3E4751DA3AC1D00C2BBC1 /* NSJSONSerialization */ = {
			isa = PBXGroup;
			children = (
				93E3E4761DA3AC1D00C2BBC1 /* NSJSONSerialization+Extension.h */,
				93E3E4771DA3AC1D00C2BBC1 /* NSJSONSerialization+Extension.m */,
			);
			path = NSJSONSerialization;
			sourceTree = "<group>";
		};
		93E3E4781DA3AC1D00C2BBC1 /* NSMutableArray */ = {
			isa = PBXGroup;
			children = (
				93E3E4791DA3AC1D00C2BBC1 /* NSMutableArray+ANSExtension.h */,
				93E3E47A1DA3AC1D00C2BBC1 /* NSMutableArray+ANSExtension.m */,
			);
			path = NSMutableArray;
			sourceTree = "<group>";
		};
		93E3E47B1DA3AC1D00C2BBC1 /* NSNull */ = {
			isa = PBXGroup;
			children = (
				93E3E47C1DA3AC1D00C2BBC1 /* NSNull+ANSJSONRepresentation.h */,
				93E3E47D1DA3AC1D00C2BBC1 /* NSNull+ANSJSONRepresentation.m */,
			);
			path = NSNull;
			sourceTree = "<group>";
		};
		93E3E47E1DA3AC1D00C2BBC1 /* NSNumber */ = {
			isa = PBXGroup;
			children = (
				93E3E47F1DA3AC1D00C2BBC1 /* NSNumber+ANSJSONRepresentation.h */,
				93E3E4801DA3AC1D00C2BBC1 /* NSNumber+ANSJSONRepresentation.m */,
			);
			path = NSNumber;
			sourceTree = "<group>";
		};
		93E3E4841DA3AC1D00C2BBC1 /* NSString */ = {
			isa = PBXGroup;
			children = (
				93E3E4871DA3AC1D00C2BBC1 /* NSString+ANSExtension.h */,
				93E3E4881DA3AC1D00C2BBC1 /* NSString+ANSExtension.m */,
				93E3E4891DA3AC1D00C2BBC1 /* NSString+ANSJSONRepresentation.h */,
				93E3E48A1DA3AC1D00C2BBC1 /* NSString+ANSJSONRepresentation.m */,
			);
			path = NSString;
			sourceTree = "<group>";
		};
		93E3E4921DA3AC1D00C2BBC1 /* UIImage */ = {
			isa = PBXGroup;
			children = (
				93E3E4931DA3AC1D00C2BBC1 /* UIImage+ANSExtension.h */,
				93E3E4941DA3AC1D00C2BBC1 /* UIImage+ANSExtension.m */,
			);
			path = UIImage;
			sourceTree = "<group>";
		};
		93E3E4951DA3AC1D00C2BBC1 /* UINib */ = {
			isa = PBXGroup;
			children = (
				93E3E4961DA3AC1D00C2BBC1 /* UINib+Extension.h */,
				93E3E4971DA3AC1D00C2BBC1 /* UINib+Extension.m */,
			);
			path = UINib;
			sourceTree = "<group>";
		};
		93E3E4981DA3AC1D00C2BBC1 /* UIScreen */ = {
			isa = PBXGroup;
			children = (
				93E3E4991DA3AC1D00C2BBC1 /* UIScreen+ANSExtension.h */,
				93E3E49A1DA3AC1D00C2BBC1 /* UIScreen+ANSExtension.m */,
			);
			path = UIScreen;
			sourceTree = "<group>";
		};
		93E3E49B1DA3AC1D00C2BBC1 /* UITableView */ = {
			isa = PBXGroup;
			children = (
				93E3E49C1DA3AC1D00C2BBC1 /* UITableView+Extension.h */,
				93E3E49D1DA3AC1D00C2BBC1 /* UITableView+Extension.m */,
			);
			path = UITableView;
			sourceTree = "<group>";
		};
		93E3E49E1DA3AC1D00C2BBC1 /* UIView */ = {
			isa = PBXGroup;
			children = (
				93E3E49F1DA3AC1D00C2BBC1 /* UIView+ANSExtension.h */,
				93E3E4A01DA3AC1D00C2BBC1 /* UIView+ANSExtension.m */,
			);
			path = UIView;
			sourceTree = "<group>";
		};
		93E3E4A11DA3AC1D00C2BBC1 /* UIViewController */ = {
			isa = PBXGroup;
			children = (
				93E3E4A21DA3AC1D00C2BBC1 /* UIViewController+ANSExtension.h */,
				93E3E4A31DA3AC1D00C2BBC1 /* UIViewController+ANSExtension.m */,
			);
			path = UIViewController;
			sourceTree = "<group>";
		};
		93E3E4A41DA3AC1D00C2BBC1 /* Macroses */ = {
			isa = PBXGroup;
			children = (
				93E3E4A51DA3AC1D00C2BBC1 /* ANSMacros.h */,
			);
			path = Macroses;
			sourceTree = "<group>";
		};
		93E3E4DD1DA3AC1D00C2BBC1 /* Protocols */ = {
			isa = PBXGroup;
			children = (
				93E3E4DE1DA3AC1D00C2BBC1 /* ANSJSONRepresentation.h */,
			);
			path = Protocols;
			sourceTree = "<group>";
		};
		93E3E5111DA3AF3100C2BBC1 /* Models */ = {
			isa = PBXGroup;
			children = (
				93E3E5121DA3AF3100C2BBC1 /* ANSCollectionModel */,
				93E3E5281DA3AF3100C2BBC1 /* ANSImageModel */,
				93E3E5341DA3AF3100C2BBC1 /* ANSLoadableModel */,
				93E3E53D1DA3AF3100C2BBC1 /* ANSObservableObject */,
				93E3E54A1DA3AF3100C2BBC1 /* ANSQueue */,
			);
			path = Models;
			sourceTree = "<group>";
		};
		93E3E5121DA3AF3100C2BBC1 /* ANSCollectionModel */ = {
			isa = PBXGroup;
			children = (
				93E3E5131DA3AF3100C2BBC1 /* ANSArrayModel.h */,
				93E3E5141DA3AF3100C2BBC1 /* ANSArrayModel.m */,
				93E3E5151DA3AF3100C2BBC1 /* ANSChangeModel */,
			);
			path = ANSCollectionModel;
			sourceTree = "<group>";
		};
		93E3E5151DA3AF3100C2BBC1 /* ANSChangeModel */ = {
			isa = PBXGroup;
			children = (
				93E3E5161DA3AF3100C2BBC1 /* ANSChangeModel+UITableView.h */,
				93E3E5171DA3AF3100C2BBC1 /* ANSChangeModel+UITableView.m */,
				93E3E5181DA3AF3100C2BBC1 /* ANSChangeModel.h */,
				93E3E5191DA3AF3100C2BBC1 /* ANSChangeModel.m */,
				93E3E51A1DA3AF3100C2BBC1 /* ChangeModelPrivate */,
				93E3E5211DA3AF3100C2BBC1 /* TableViewExtensions */,
			);
			path = ANSChangeModel;
			sourceTree = "<group>";
		};
		93E3E51A1DA3AF3100C2BBC1 /* ChangeModelPrivate */ = {
			isa = PBXGroup;
			children = (
				93E3E51B1DA3AF3100C2BBC1 /* ANSOneIndexModel.h */,
				93E3E51C1DA3AF3100C2BBC1 /* ANSOneIndexModel.m */,
				93E3E51D1DA3AF3100C2BBC1 /* ANSRangeChangeModel.h */,
				93E3E51E1DA3AF3100C2BBC1 /* ANSRangeChangeModel.m */,
				93E3E51F1DA3AF3100C2BBC1 /* ANSTwoIndexModel.h */,
				93E3E5201DA3AF3100C2BBC1 /* ANSTwoIndexModel.m */,
			);
			path = ChangeModelPrivate;
			sourceTree = "<group>";
		};
		93E3E5211DA3AF3100C2BBC1 /* TableViewExtensions */ = {
			isa = PBXGroup;
			children = (
				93E3E5221DA3AF3100C2BBC1 /* ANSOneIndexModel+UITableView.h */,
				93E3E5231DA3AF3100C2BBC1 /* ANSOneIndexModel+UITableView.m */,
				93E3E5241DA3AF3100C2BBC1 /* ANSRangeChangeModel+UITableView.h */,
				93E3E5251DA3AF3100C2BBC1 /* ANSRangeChangeModel+UITableView.m */,
				93E3E5261DA3AF3100C2BBC1 /* ANSTwoIndexModel+UITableView.h */,
				93E3E5271DA3AF3100C2BBC1 /* ANSTwoIndexModel+UITableView.m */,
			);
			path = TableViewExtensions;
			sourceTree = "<group>";
		};
		93E3E5281DA3AF3100C2BBC1 /* ANSImageModel */ = {
			isa = PBXGroup;
			children = (
				93E3E5291DA3AF3100C2BBC1 /* ANSCacheStorage */,
				93E3E52C1DA3AF3100C2BBC1 /* ANSImageModel+ANSPrivatExtension.h */,
				93E3E52D1DA3AF3100C2BBC1 /* ANSImageModel.h */,
				93E3E52E1DA3AF3100C2BBC1 /* ANSImageModel.m */,
				93E3E52F1DA3AF3100C2BBC1 /* ANSImageModelPrivate */,
			);
			path = ANSImageModel;
			sourceTree = "<group>";
		};
		93E3E5291DA3AF3100C2BBC1 /* ANSCacheStorage */ = {
			isa = PBXGroup;
			children = (
				93E3E52A1DA3AF3100C2BBC1 /* ANSCacheStorage.h */,
				93E3E52B1DA3AF3100C2BBC1 /* ANSCacheStorage.m */,
			);
			path = ANSCacheStorage;
			sourceTree = "<group>";
		};
		93E3E52F1DA3AF3100C2BBC1 /* ANSImageModelPrivate */ = {
			isa = PBXGroup;
			children = (
				93E3E5301DA3AF3100C2BBC1 /* ANSInternetImageModel.h */,
				93E3E5311DA3AF3100C2BBC1 /* ANSInternetImageModel.m */,
				93E3E5321DA3AF3100C2BBC1 /* ANSLocalImageModel.h */,
				93E3E5331DA3AF3100C2BBC1 /* ANSLocalImageModel.m */,
			);
			path = ANSImageModelPrivate;
			sourceTree = "<group>";
		};
		93E3E5341DA3AF3100C2BBC1 /* ANSLoadableModel */ = {
			isa = PBXGroup;
			children = (
				93E3E5351DA3AF3100C2BBC1 /* ANSLoadableModel.h */,
				93E3E5361DA3AF3100C2BBC1 /* ANSLoadableModel.m */,
			);
			path = ANSLoadableModel;
			sourceTree = "<group>";
		};
		93E3E53D1DA3AF3100C2BBC1 /* ANSObservableObject */ = {
			isa = PBXGroup;
			children = (
				934DB0F41DA97C6C00588924 /* ANSObservableObjectPtotocol.h */,
				93E3E53E1DA3AF3100C2BBC1 /* ANSObservableObject.h */,
				93E3E53F1DA3AF3100C2BBC1 /* ANSObservableObject.m */,
				93E3E5401DA3AF3100C2BBC1 /* ObservationController */,
			);
			path = ANSObservableObject;
			sourceTree = "<group>";
		};
		93E3E5401DA3AF3100C2BBC1 /* ObservationController */ = {
			isa = PBXGroup;
			children = (
				93E3E5411DA3AF3100C2BBC1 /* ANSBlockObservationController.h */,
				93E3E5421DA3AF3100C2BBC1 /* ANSBlockObservationController.m */,
				93E3E5431DA3AF3100C2BBC1 /* ANSObservationController.h */,
				93E3E5441DA3AF3100C2BBC1 /* ANSObservationController.m */,
				93E3E5451DA3AF3100C2BBC1 /* ANSProtocolObservationController.h */,
				93E3E5461DA3AF3100C2BBC1 /* ANSProtocolObservationController.m */,
				93E3E5471DA3AF3100C2BBC1 /* PrivatExtension */,
			);
			path = ObservationController;
			sourceTree = "<group>";
		};
		93E3E5471DA3AF3100C2BBC1 /* PrivatExtension */ = {
			isa = PBXGroup;
			children = (
				93E3E5481DA3AF3100C2BBC1 /* ANSObservableObject+ANSPrivate.h */,
				93E3E5491DA3AF3100C2BBC1 /* ANSObservationController+ANSPrivate.h */,
			);
			path = PrivatExtension;
			sourceTree = "<group>";
		};
		93E3E54A1DA3AF3100C2BBC1 /* ANSQueue */ = {
			isa = PBXGroup;
			children = (
				93E3E54B1DA3AF3100C2BBC1 /* ANSQueue.h */,
				93E3E54C1DA3AF3100C2BBC1 /* ANSQueue.m */,
			);
			path = ANSQueue;
			sourceTree = "<group>";
		};
		93E3E56E1DA3D55D00C2BBC1 /* Core Data */ = {
			isa = PBXGroup;
			children = (
				93A41AED1DA3E6F6005FA99A /* ANSCoreDataManager.h */,
				93A41AEE1DA3E6F6005FA99A /* ANSCoreDataManager.m */,
				93E3E5741DA3D9AC00C2BBC1 /* NSManagedObject+ANSExtension.h */,
				93E3E5751DA3D9AC00C2BBC1 /* NSManagedObject+ANSExtension.m */,
				9382A6451DA5345E007E8D36 /* NSManagedObjectContext+Extension.h */,
				9382A6461DA5345E007E8D36 /* NSManagedObjectContext+Extension.m */,
			);
			path = "Core Data";
			sourceTree = "<group>";
		};
		93E994A81D9089CA00DCCE1B /* FifthTask */ = {
			isa = PBXGroup;
			children = (
				93E994CC1D9150AD00DCCE1B /* UI */,
				93E994A91D91314800DCCE1B /* Models */,
			);
			path = FifthTask;
			sourceTree = "<group>";
		};
		93E994A91D91314800DCCE1B /* Models */ = {
			isa = PBXGroup;
			children = (
				9315EA691D92D7490053D21D /* ANSFaceBookUser */,
				9315EA741D93EC5D0053D21D /* ANSFaceBookFriends */,
				9315EA901D955DAB0053D21D /* ANSContexts */,
			);
			path = Models;
			sourceTree = "<group>";
		};
		93E994CC1D9150AD00DCCE1B /* UI */ = {
			isa = PBXGroup;
			children = (
				9302D7E71D9924BB003CD9B8 /* ANSLoginViewController */,
				9302D7CA1D991DA8003CD9B8 /* ANSFriendListViewController */,
				9302D7DE1D992415003CD9B8 /* ANSUserDetailsViewController */,
			);
			path = UI;
			sourceTree = "<group>";
		};
/* End PBXGroup section */

/* Begin PBXNativeTarget section */
		93C084061D3E367F0077A81C /* Objective-C UI Project */ = {
			isa = PBXNativeTarget;
			buildConfigurationList = 93C084291D3E36800077A81C /* Build configuration list for PBXNativeTarget "Objective-C UI Project" */;
			buildPhases = (
				BE8871861217C2733A7A3604 /* [CP] Check Pods Manifest.lock */,
				93C084031D3E367F0077A81C /* Sources */,
				93C084041D3E367F0077A81C /* Frameworks */,
				93C084051D3E367F0077A81C /* Resources */,
				B6B6BC7488CC80318F0109FD /* [CP] Embed Pods Frameworks */,
				1570D98A16FCD8C625A1F18B /* [CP] Copy Pods Resources */,
			);
			buildRules = (
			);
			dependencies = (
			);
			name = "Objective-C UI Project";
			productName = "Objective-C UI Project";
			productReference = 93C084071D3E367F0077A81C /* Objective-C UI Project.app */;
			productType = "com.apple.product-type.application";
		};
		93C0841F1D3E36800077A81C /* Objective-C UI ProjectUITests */ = {
			isa = PBXNativeTarget;
			buildConfigurationList = 93C0842C1D3E36800077A81C /* Build configuration list for PBXNativeTarget "Objective-C UI ProjectUITests" */;
			buildPhases = (
				FF3998705DCBBABC61A2C3C7 /* [CP] Check Pods Manifest.lock */,
				93C0841C1D3E36800077A81C /* Sources */,
				93C0841D1D3E36800077A81C /* Frameworks */,
				93C0841E1D3E36800077A81C /* Resources */,
				172CC122171D1C53388D83D1 /* [CP] Copy Pods Resources */,
				79CC797474E46E168523813E /* [CP] Embed Pods Frameworks */,
			);
			buildRules = (
			);
			dependencies = (
				93C084221D3E36800077A81C /* PBXTargetDependency */,
			);
			name = "Objective-C UI ProjectUITests";
			productName = "Objective-C UI ProjectUITests";
			productReference = 93C084201D3E36800077A81C /* Objective-C UI ProjectUITests.xctest */;
			productType = "com.apple.product-type.bundle.ui-testing";
		};
/* End PBXNativeTarget section */

/* Begin PBXProject section */
		93C083FF1D3E367F0077A81C /* Project object */ = {
			isa = PBXProject;
			attributes = {
				KnownAssetTags = (
					New,
				);
				LastUpgradeCheck = 0800;
				ORGANIZATIONNAME = Andriiev.Mykola;
				TargetAttributes = {
					93C084061D3E367F0077A81C = {
						CreatedOnToolsVersion = 7.2.1;
						DevelopmentTeam = 2MQ5R4FSP4;
					};
					93C0841F1D3E36800077A81C = {
						CreatedOnToolsVersion = 7.2.1;
						DevelopmentTeam = 2MQ5R4FSP4;
						TestTargetID = 93C084061D3E367F0077A81C;
					};
				};
			};
			buildConfigurationList = 93C084021D3E367F0077A81C /* Build configuration list for PBXProject "Objective-C UI Project" */;
			compatibilityVersion = "Xcode 3.2";
			developmentRegion = English;
			hasScannedForEncodings = 0;
			knownRegions = (
				en,
				Base,
			);
			mainGroup = 93C083FE1D3E367F0077A81C;
			productRefGroup = 93C084081D3E367F0077A81C /* Products */;
			projectDirPath = "";
			projectRoot = "";
			targets = (
				93C084061D3E367F0077A81C /* Objective-C UI Project */,
				93C0841F1D3E36800077A81C /* Objective-C UI ProjectUITests */,
			);
		};
/* End PBXProject section */

/* Begin PBXResourcesBuildPhase section */
		93C084051D3E367F0077A81C /* Resources */ = {
			isa = PBXResourcesBuildPhase;
			buildActionMask = 2147483647;
			files = (
				9302D7EF1D9924BB003CD9B8 /* ANSLoginViewController.xib in Resources */,
				9302D7E31D992415003CD9B8 /* ANSUserDetailsViewController.xib in Resources */,
				93E3E4E31DA3AC1D00C2BBC1 /* ANSLoadingView.xib in Resources */,
				935E5A0B1D6F4CA5005F6285 /* aaa.plist in Resources */,
				9302D7D81D991DA8003CD9B8 /* ANSUserCell.xib in Resources */,
				93C0843D1D3E381F0077A81C /* LaunchScreen.storyboard in Resources */,
				93C0843C1D3E381F0077A81C /* Assets.xcassets in Resources */,
				93C084301D3E36B20077A81C /* iOS Study Plan.txt in Resources */,
				9302D7D61D991DA8003CD9B8 /* ANSFriendListViewController.xib in Resources */,
			);
			runOnlyForDeploymentPostprocessing = 0;
		};
		93C0841E1D3E36800077A81C /* Resources */ = {
			isa = PBXResourcesBuildPhase;
			buildActionMask = 2147483647;
			files = (
			);
			runOnlyForDeploymentPostprocessing = 0;
		};
/* End PBXResourcesBuildPhase section */

/* Begin PBXShellScriptBuildPhase section */
		1570D98A16FCD8C625A1F18B /* [CP] Copy Pods Resources */ = {
			isa = PBXShellScriptBuildPhase;
			buildActionMask = 2147483647;
			files = (
			);
			inputPaths = (
			);
			name = "[CP] Copy Pods Resources";
			outputPaths = (
			);
			runOnlyForDeploymentPostprocessing = 0;
			shellPath = /bin/sh;
			shellScript = "\"${SRCROOT}/Pods/Target Support Files/Pods-Objective-C UI Project/Pods-Objective-C UI Project-resources.sh\"\n";
			showEnvVarsInLog = 0;
		};
		172CC122171D1C53388D83D1 /* [CP] Copy Pods Resources */ = {
			isa = PBXShellScriptBuildPhase;
			buildActionMask = 2147483647;
			files = (
			);
			inputPaths = (
			);
			name = "[CP] Copy Pods Resources";
			outputPaths = (
			);
			runOnlyForDeploymentPostprocessing = 0;
			shellPath = /bin/sh;
			shellScript = "\"${SRCROOT}/Pods/Target Support Files/Pods-Objective-C UI ProjectUITests/Pods-Objective-C UI ProjectUITests-resources.sh\"\n";
			showEnvVarsInLog = 0;
		};
		79CC797474E46E168523813E /* [CP] Embed Pods Frameworks */ = {
			isa = PBXShellScriptBuildPhase;
			buildActionMask = 2147483647;
			files = (
			);
			inputPaths = (
			);
			name = "[CP] Embed Pods Frameworks";
			outputPaths = (
			);
			runOnlyForDeploymentPostprocessing = 0;
			shellPath = /bin/sh;
			shellScript = "\"${SRCROOT}/Pods/Target Support Files/Pods-Objective-C UI ProjectUITests/Pods-Objective-C UI ProjectUITests-frameworks.sh\"\n";
			showEnvVarsInLog = 0;
		};
		B6B6BC7488CC80318F0109FD /* [CP] Embed Pods Frameworks */ = {
			isa = PBXShellScriptBuildPhase;
			buildActionMask = 2147483647;
			files = (
			);
			inputPaths = (
			);
			name = "[CP] Embed Pods Frameworks";
			outputPaths = (
			);
			runOnlyForDeploymentPostprocessing = 0;
			shellPath = /bin/sh;
			shellScript = "\"${SRCROOT}/Pods/Target Support Files/Pods-Objective-C UI Project/Pods-Objective-C UI Project-frameworks.sh\"\n";
			showEnvVarsInLog = 0;
		};
		BE8871861217C2733A7A3604 /* [CP] Check Pods Manifest.lock */ = {
			isa = PBXShellScriptBuildPhase;
			buildActionMask = 2147483647;
			files = (
			);
			inputPaths = (
			);
			name = "[CP] Check Pods Manifest.lock";
			outputPaths = (
			);
			runOnlyForDeploymentPostprocessing = 0;
			shellPath = /bin/sh;
			shellScript = "diff \"${PODS_ROOT}/../Podfile.lock\" \"${PODS_ROOT}/Manifest.lock\" > /dev/null\nif [ $? != 0 ] ; then\n    # print error to STDERR\n    echo \"error: The sandbox is not in sync with the Podfile.lock. Run 'pod install' or update your CocoaPods installation.\" >&2\n    exit 1\nfi\n";
			showEnvVarsInLog = 0;
		};
		FF3998705DCBBABC61A2C3C7 /* [CP] Check Pods Manifest.lock */ = {
			isa = PBXShellScriptBuildPhase;
			buildActionMask = 2147483647;
			files = (
			);
			inputPaths = (
			);
			name = "[CP] Check Pods Manifest.lock";
			outputPaths = (
			);
			runOnlyForDeploymentPostprocessing = 0;
			shellPath = /bin/sh;
			shellScript = "diff \"${PODS_ROOT}/../Podfile.lock\" \"${PODS_ROOT}/Manifest.lock\" > /dev/null\nif [ $? != 0 ] ; then\n    # print error to STDERR\n    echo \"error: The sandbox is not in sync with the Podfile.lock. Run 'pod install' or update your CocoaPods installation.\" >&2\n    exit 1\nfi\n";
			showEnvVarsInLog = 0;
		};
/* End PBXShellScriptBuildPhase section */

/* Begin PBXSourcesBuildPhase section */
		93C084031D3E367F0077A81C /* Sources */ = {
			isa = PBXSourcesBuildPhase;
			buildActionMask = 2147483647;
			files = (
				93E3E4EA1DA3AC1E00C2BBC1 /* NSArray+JSONRepresentation.m in Sources */,
				934DB0F81DA9B8C200588924 /* ANSNameFilterModel.m in Sources */,
				93E3E4F41DA3AC1E00C2BBC1 /* NSString+ANSJSONRepresentation.m in Sources */,
				9302D7C91D991440003CD9B8 /* ANSFBConstatns.m in Sources */,
				9302D7ED1D9924BB003CD9B8 /* ANSLoginView.m in Sources */,
				93E3E4E91DA3AC1E00C2BBC1 /* NSArray+ANSExtension.m in Sources */,
				93E3E4FB1DA3AC1E00C2BBC1 /* UITableView+Extension.m in Sources */,
				9302D7EE1D9924BB003CD9B8 /* ANSLoginViewController.m in Sources */,
				9302D7E21D992415003CD9B8 /* ANSUserDetailsViewController.m in Sources */,
				93E3E4E01DA3AC1D00C2BBC1 /* ANSRandom.m in Sources */,
				93E3E4E71DA3AC1E00C2BBC1 /* ANSTimerPrivate.m in Sources */,
				93E3E5571DA3AF3100C2BBC1 /* ANSCacheStorage.m in Sources */,
				93E3E5501DA3AF3100C2BBC1 /* ANSChangeModel.m in Sources */,
				93E3E4EF1DA3AC1E00C2BBC1 /* NSNull+ANSJSONRepresentation.m in Sources */,
				934DB0F31DA7D77E00588924 /* ANSUser.m in Sources */,
				93A41AF01DA40261005FA99A /* ANSCoreDataManager.m in Sources */,
				93E3E55F1DA3AF3100C2BBC1 /* ANSBlockObservationController.m in Sources */,
				9315EA731D93EC4D0053D21D /* ANSFBFriends.m in Sources */,
				9382A7AE1DA67FEF007E8D36 /* ANSUsersMom.xcdatamodeld in Sources */,
				93E3E54E1DA3AF3100C2BBC1 /* ANSArrayModel.m in Sources */,
				93C084371D3E380D0077A81C /* main.m in Sources */,
				93E3E4E21DA3AC1D00C2BBC1 /* ANSLoadingView.m in Sources */,
				9302D7D51D991DA8003CD9B8 /* ANSFriendListViewController.m in Sources */,
				9315EA931D955DAB0053D21D /* ANSUserDetailsContext.m in Sources */,
				93E3E4111DA23BCD00C2BBC1 /* ANSLoginInterection.m in Sources */,
				93E3E4EB1DA3AC1E00C2BBC1 /* NSBundle+ANSExtenison.m in Sources */,
				93E3E4E11DA3AC1D00C2BBC1 /* ANSImageView.m in Sources */,
				93E3E4EE1DA3AC1E00C2BBC1 /* NSMutableArray+ANSExtension.m in Sources */,
				93E3E4E61DA3AC1E00C2BBC1 /* NSDictionary+ANSJSONRepresentation.m in Sources */,
				9302D7D41D991DA8003CD9B8 /* ANSFriendListView.m in Sources */,
				9302D7D71D991DA8003CD9B8 /* ANSUserCell.m in Sources */,
				93E3E5531DA3AF3100C2BBC1 /* ANSTwoIndexModel.m in Sources */,
				93E3E5621DA3AF3100C2BBC1 /* ANSQueue.m in Sources */,
				93E3E5511DA3AF3100C2BBC1 /* ANSOneIndexModel.m in Sources */,
				93E3E4FA1DA3AC1E00C2BBC1 /* UIScreen+ANSExtension.m in Sources */,
				93E3E4F81DA3AC1E00C2BBC1 /* UIImage+ANSExtension.m in Sources */,
				93E3E4E41DA3AC1D00C2BBC1 /* ANSTableViewCell.m in Sources */,
				9302D7E61D992446003CD9B8 /* ANSUserDetailsView.m in Sources */,
				93E3E5541DA3AF3100C2BBC1 /* ANSOneIndexModel+UITableView.m in Sources */,
				93E3E4E51DA3AC1E00C2BBC1 /* ANSRootView.m in Sources */,
				9382A6471DA5345E007E8D36 /* NSManagedObjectContext+Extension.m in Sources */,
				93E3E5611DA3AF3100C2BBC1 /* ANSProtocolObservationController.m in Sources */,
				93E3E5581DA3AF3100C2BBC1 /* ANSImageModel.m in Sources */,
				93E3E5521DA3AF3100C2BBC1 /* ANSRangeChangeModel.m in Sources */,
				93E3E4EC1DA3AC1E00C2BBC1 /* NSFileManager+ANSExtension.m in Sources */,
				93E3E4FD1DA3AC1E00C2BBC1 /* UIViewController+ANSExtension.m in Sources */,
				93E3E4E81DA3AC1E00C2BBC1 /* NSTimer+ANSExtension.m in Sources */,
				93E3E55B1DA3AF3100C2BBC1 /* ANSLoadableModel.m in Sources */,
				93E3E55A1DA3AF3100C2BBC1 /* ANSLocalImageModel.m in Sources */,
				93E3E5601DA3AF3100C2BBC1 /* ANSObservationController.m in Sources */,
				93E3E4F31DA3AC1E00C2BBC1 /* NSString+ANSExtension.m in Sources */,
				93E3E5591DA3AF3100C2BBC1 /* ANSInternetImageModel.m in Sources */,
				93E3E4DF1DA3AC1D00C2BBC1 /* ANSGCD.m in Sources */,
				93CF63331D97F93700FFFFF4 /* ANSLoginContext.m in Sources */,
				93E3E54F1DA3AF3100C2BBC1 /* ANSChangeModel+UITableView.m in Sources */,
				93E3E4ED1DA3AC1E00C2BBC1 /* NSJSONSerialization+Extension.m in Sources */,
				93C084351D3E380D0077A81C /* ANSAppDelegate.m in Sources */,
				93E3E55E1DA3AF3100C2BBC1 /* ANSObservableObject.m in Sources */,
				93E3E5561DA3AF3100C2BBC1 /* ANSTwoIndexModel+UITableView.m in Sources */,
				93E3E4F01DA3AC1E00C2BBC1 /* NSNumber+ANSJSONRepresentation.m in Sources */,
				93E3E4FC1DA3AC1E00C2BBC1 /* UIView+ANSExtension.m in Sources */,
				9302D7BD1D981385003CD9B8 /* ANSFriendsContext.m in Sources */,
				9302D7C31D991249003CD9B8 /* ANSFBContext.m in Sources */,
				93E3E5551DA3AF3100C2BBC1 /* ANSRangeChangeModel+UITableView.m in Sources */,
				9382A7841DA658A5007E8D36 /* NSManagedObject+ANSExtension.m in Sources */,
				93E3E4F91DA3AC1E00C2BBC1 /* UINib+Extension.m in Sources */,
			);
			runOnlyForDeploymentPostprocessing = 0;
		};
		93C0841C1D3E36800077A81C /* Sources */ = {
			isa = PBXSourcesBuildPhase;
			buildActionMask = 2147483647;
			files = (
				934DB0DB1DA68E6A00588924 /* NSString+ANSExtension.m in Sources */,
				9382A7831DA658A4007E8D36 /* NSManagedObject+ANSExtension.m in Sources */,
				934DB0DA1DA68E6900588924 /* NSString+ANSJSONRepresentation.m in Sources */,
				934DB0D91DA68E3900588924 /* ANSRandom.m in Sources */,
				9368188E1DA686F000B04C29 /* NSFileManager+ANSExtension.m in Sources */,
				9382A7821DA6589F007E8D36 /* ANSCoreDataManager.m in Sources */,
				9382A78B1DA660ED007E8D36 /* NSManagedObjectContext+Extension.m in Sources */,
			);
			runOnlyForDeploymentPostprocessing = 0;
		};
/* End PBXSourcesBuildPhase section */

/* Begin PBXTargetDependency section */
		93C084221D3E36800077A81C /* PBXTargetDependency */ = {
			isa = PBXTargetDependency;
			target = 93C084061D3E367F0077A81C /* Objective-C UI Project */;
			targetProxy = 93C084211D3E36800077A81C /* PBXContainerItemProxy */;
		};
/* End PBXTargetDependency section */

/* Begin PBXVariantGroup section */
		93C0843A1D3E381F0077A81C /* LaunchScreen.storyboard */ = {
			isa = PBXVariantGroup;
			children = (
				93C0843B1D3E381F0077A81C /* Base */,
			);
			name = LaunchScreen.storyboard;
			sourceTree = "<group>";
		};
/* End PBXVariantGroup section */

/* Begin XCBuildConfiguration section */
		93C084271D3E36800077A81C /* Debug */ = {
			isa = XCBuildConfiguration;
			buildSettings = {
				ALWAYS_SEARCH_USER_PATHS = NO;
				CLANG_CXX_LANGUAGE_STANDARD = "gnu++0x";
				CLANG_CXX_LIBRARY = "libc++";
				CLANG_ENABLE_MODULES = YES;
				CLANG_ENABLE_OBJC_ARC = YES;
				CLANG_WARN_BOOL_CONVERSION = YES;
				CLANG_WARN_CONSTANT_CONVERSION = YES;
				CLANG_WARN_DIRECT_OBJC_ISA_USAGE = YES_ERROR;
				CLANG_WARN_EMPTY_BODY = YES;
				CLANG_WARN_ENUM_CONVERSION = YES;
				CLANG_WARN_INFINITE_RECURSION = YES;
				CLANG_WARN_INT_CONVERSION = YES;
				CLANG_WARN_OBJC_ROOT_CLASS = YES_ERROR;
				CLANG_WARN_SUSPICIOUS_MOVE = YES;
				CLANG_WARN_UNREACHABLE_CODE = YES;
				CLANG_WARN__DUPLICATE_METHOD_MATCH = YES;
				"CODE_SIGN_IDENTITY[sdk=iphoneos*]" = "iPhone Developer";
				COPY_PHASE_STRIP = NO;
				DEBUG_INFORMATION_FORMAT = dwarf;
				ENABLE_STRICT_OBJC_MSGSEND = YES;
				ENABLE_TESTABILITY = YES;
				GCC_C_LANGUAGE_STANDARD = gnu99;
				GCC_DYNAMIC_NO_PIC = NO;
				GCC_NO_COMMON_BLOCKS = YES;
				GCC_OPTIMIZATION_LEVEL = 0;
				GCC_PREPROCESSOR_DEFINITIONS = (
					"DEBUG=1",
					"$(inherited)",
				);
				GCC_WARN_64_TO_32_BIT_CONVERSION = YES;
				GCC_WARN_ABOUT_RETURN_TYPE = YES_ERROR;
				GCC_WARN_UNDECLARED_SELECTOR = YES;
				GCC_WARN_UNINITIALIZED_AUTOS = YES_AGGRESSIVE;
				GCC_WARN_UNUSED_FUNCTION = YES;
				GCC_WARN_UNUSED_VARIABLE = YES;
				IPHONEOS_DEPLOYMENT_TARGET = 10.0;
				MTL_ENABLE_DEBUG_INFO = YES;
				ONLY_ACTIVE_ARCH = YES;
				SDKROOT = iphoneos;
			};
			name = Debug;
		};
		93C084281D3E36800077A81C /* Release */ = {
			isa = XCBuildConfiguration;
			buildSettings = {
				ALWAYS_SEARCH_USER_PATHS = NO;
				CLANG_CXX_LANGUAGE_STANDARD = "gnu++0x";
				CLANG_CXX_LIBRARY = "libc++";
				CLANG_ENABLE_MODULES = YES;
				CLANG_ENABLE_OBJC_ARC = YES;
				CLANG_WARN_BOOL_CONVERSION = YES;
				CLANG_WARN_CONSTANT_CONVERSION = YES;
				CLANG_WARN_DIRECT_OBJC_ISA_USAGE = YES_ERROR;
				CLANG_WARN_EMPTY_BODY = YES;
				CLANG_WARN_ENUM_CONVERSION = YES;
				CLANG_WARN_INFINITE_RECURSION = YES;
				CLANG_WARN_INT_CONVERSION = YES;
				CLANG_WARN_OBJC_ROOT_CLASS = YES_ERROR;
				CLANG_WARN_SUSPICIOUS_MOVE = YES;
				CLANG_WARN_UNREACHABLE_CODE = YES;
				CLANG_WARN__DUPLICATE_METHOD_MATCH = YES;
				"CODE_SIGN_IDENTITY[sdk=iphoneos*]" = "iPhone Developer";
				COPY_PHASE_STRIP = NO;
				DEBUG_INFORMATION_FORMAT = "dwarf-with-dsym";
				ENABLE_NS_ASSERTIONS = NO;
				ENABLE_STRICT_OBJC_MSGSEND = YES;
				GCC_C_LANGUAGE_STANDARD = gnu99;
				GCC_NO_COMMON_BLOCKS = YES;
				GCC_WARN_64_TO_32_BIT_CONVERSION = YES;
				GCC_WARN_ABOUT_RETURN_TYPE = YES_ERROR;
				GCC_WARN_UNDECLARED_SELECTOR = YES;
				GCC_WARN_UNINITIALIZED_AUTOS = YES_AGGRESSIVE;
				GCC_WARN_UNUSED_FUNCTION = YES;
				GCC_WARN_UNUSED_VARIABLE = YES;
				IPHONEOS_DEPLOYMENT_TARGET = 10.0;
				MTL_ENABLE_DEBUG_INFO = NO;
				SDKROOT = iphoneos;
				VALIDATE_PRODUCT = YES;
			};
			name = Release;
		};
		93C0842A1D3E36800077A81C /* Debug */ = {
			isa = XCBuildConfiguration;
			baseConfigurationReference = EB09091B1A7DD91BDD1FAAC0 /* Pods-Objective-C UI Project.debug.xcconfig */;
			buildSettings = {
				ASSETCATALOG_COMPILER_APPICON_NAME = AppIcon;
				FRAMEWORK_SEARCH_PATHS = (
					"$(inherited)",
					"$(PROJECT_DIR)/FacebookSDKs-iOS-4",
					"$(PROJECT_DIR)",
				);
				GCC_PREFIX_HEADER = "Objective-C UI Project/Objective-C UI Project.pch";
				INFOPLIST_FILE = "Objective-C UI Project/Info.plist";
				IPHONEOS_DEPLOYMENT_TARGET = 9.0;
				LD_RUNPATH_SEARCH_PATHS = "$(inherited) @executable_path/Frameworks";
				LIBRARY_SEARCH_PATHS = (
					"$(inherited)",
					"$(PROJECT_DIR)/facebook",
					frameworks/FBSDKCoreKit.framework,
					"$(PROJECT_DIR)/facebook",
					frameworks/FBSDKLoginKit.framework,
					"$(PROJECT_DIR)/facebook",
					frameworks/FBSDKShareKit.framework,
					"$(PROJECT_DIR)/build/Debug-iphoneos/FBSDKCoreKit",
					"$(PROJECT_DIR)/build/Debug-iphoneos/FBSDKLoginKit",
					"$(PROJECT_DIR)/build/Debug-iphoneos/FBSDKShareKit",
					"$(PROJECT_DIR)/build/Debug-iphoneos/Kiwi",
				);
				PRODUCT_BUNDLE_IDENTIFIER = "Andriiev.Mykola.Objective-C-UI-Project";
				PRODUCT_NAME = "$(TARGET_NAME)";
			};
			name = Debug;
		};
		93C0842B1D3E36800077A81C /* Release */ = {
			isa = XCBuildConfiguration;
			baseConfigurationReference = 486FD201570D96C7BDB4C317 /* Pods-Objective-C UI Project.release.xcconfig */;
			buildSettings = {
				ASSETCATALOG_COMPILER_APPICON_NAME = AppIcon;
				FRAMEWORK_SEARCH_PATHS = (
					"$(inherited)",
					"$(PROJECT_DIR)/FacebookSDKs-iOS-4",
					"$(PROJECT_DIR)",
				);
				GCC_PREFIX_HEADER = "Objective-C UI Project/Objective-C UI Project.pch";
				INFOPLIST_FILE = "Objective-C UI Project/Info.plist";
				IPHONEOS_DEPLOYMENT_TARGET = 9.0;
				LD_RUNPATH_SEARCH_PATHS = "$(inherited) @executable_path/Frameworks";
				LIBRARY_SEARCH_PATHS = (
					"$(inherited)",
					"$(PROJECT_DIR)/facebook",
					frameworks/FBSDKCoreKit.framework,
					"$(PROJECT_DIR)/facebook",
					frameworks/FBSDKLoginKit.framework,
					"$(PROJECT_DIR)/facebook",
					frameworks/FBSDKShareKit.framework,
					"$(PROJECT_DIR)/build/Debug-iphoneos/FBSDKCoreKit",
					"$(PROJECT_DIR)/build/Debug-iphoneos/FBSDKLoginKit",
					"$(PROJECT_DIR)/build/Debug-iphoneos/FBSDKShareKit",
					"$(PROJECT_DIR)/build/Debug-iphoneos/Kiwi",
				);
				PRODUCT_BUNDLE_IDENTIFIER = "Andriiev.Mykola.Objective-C-UI-Project";
				PRODUCT_NAME = "$(TARGET_NAME)";
			};
			name = Release;
		};
		93C0842D1D3E36800077A81C /* Debug */ = {
			isa = XCBuildConfiguration;
			baseConfigurationReference = F28C68C0A3FCC8C7F0409676 /* Pods-Objective-C UI ProjectUITests.debug.xcconfig */;
			buildSettings = {
				DEVELOPMENT_TEAM = 2MQ5R4FSP4;
				FRAMEWORK_SEARCH_PATHS = (
					"$(inherited)",
					"$(PROJECT_DIR)/FacebookSDKs-iOS-4",
				);
				INFOPLIST_FILE = "Objective-C UI ProjectUITests/Info.plist";
				IPHONEOS_DEPLOYMENT_TARGET = 9.2;
				LD_RUNPATH_SEARCH_PATHS = "$(inherited) @executable_path/Frameworks @loader_path/Frameworks";
				PRODUCT_BUNDLE_IDENTIFIER = "Andriiev.Mykola.Objective-C-UI-ProjectUITests";
				PRODUCT_NAME = "$(TARGET_NAME)";
				TEST_TARGET_NAME = "Objective-C UI Project";
				USES_XCTRUNNER = YES;
			};
			name = Debug;
		};
		93C0842E1D3E36800077A81C /* Release */ = {
			isa = XCBuildConfiguration;
			baseConfigurationReference = B5E0F054CF32267BB37C7D7E /* Pods-Objective-C UI ProjectUITests.release.xcconfig */;
			buildSettings = {
				DEVELOPMENT_TEAM = 2MQ5R4FSP4;
				FRAMEWORK_SEARCH_PATHS = (
					"$(inherited)",
					"$(PROJECT_DIR)/FacebookSDKs-iOS-4",
				);
				INFOPLIST_FILE = "Objective-C UI ProjectUITests/Info.plist";
				IPHONEOS_DEPLOYMENT_TARGET = 9.2;
				LD_RUNPATH_SEARCH_PATHS = "$(inherited) @executable_path/Frameworks @loader_path/Frameworks";
				PRODUCT_BUNDLE_IDENTIFIER = "Andriiev.Mykola.Objective-C-UI-ProjectUITests";
				PRODUCT_NAME = "$(TARGET_NAME)";
				TEST_TARGET_NAME = "Objective-C UI Project";
				USES_XCTRUNNER = YES;
			};
			name = Release;
		};
/* End XCBuildConfiguration section */

/* Begin XCConfigurationList section */
		93C084021D3E367F0077A81C /* Build configuration list for PBXProject "Objective-C UI Project" */ = {
			isa = XCConfigurationList;
			buildConfigurations = (
				93C084271D3E36800077A81C /* Debug */,
				93C084281D3E36800077A81C /* Release */,
			);
			defaultConfigurationIsVisible = 0;
			defaultConfigurationName = Release;
		};
		93C084291D3E36800077A81C /* Build configuration list for PBXNativeTarget "Objective-C UI Project" */ = {
			isa = XCConfigurationList;
			buildConfigurations = (
				93C0842A1D3E36800077A81C /* Debug */,
				93C0842B1D3E36800077A81C /* Release */,
			);
			defaultConfigurationIsVisible = 0;
			defaultConfigurationName = Release;
		};
		93C0842C1D3E36800077A81C /* Build configuration list for PBXNativeTarget "Objective-C UI ProjectUITests" */ = {
			isa = XCConfigurationList;
			buildConfigurations = (
				93C0842D1D3E36800077A81C /* Debug */,
				93C0842E1D3E36800077A81C /* Release */,
			);
			defaultConfigurationIsVisible = 0;
			defaultConfigurationName = Release;
		};
/* End XCConfigurationList section */

/* Begin XCVersionGroup section */
		9382A7AC1DA67FEF007E8D36 /* ANSUsersMom.xcdatamodeld */ = {
			isa = XCVersionGroup;
			children = (
				9382A7AD1DA67FEF007E8D36 /* ANSUsersMom.xcdatamodel */,
			);
			currentVersion = 9382A7AD1DA67FEF007E8D36 /* ANSUsersMom.xcdatamodel */;
			path = ANSUsersMom.xcdatamodeld;
			sourceTree = "<group>";
			versionGroupType = wrapper.xcdatamodel;
		};
/* End XCVersionGroup section */
	};
	rootObject = 93C083FF1D3E367F0077A81C /* Project object */;
}
